{
  "version": 4,
  "terraform_version": "1.5.6",
  "serial": 92,
  "lineage": "4567426b-f247-b67d-b211-efc4d6af3ba3",
  "outputs": {},
  "resources": [
    {
      "mode": "data",
      "type": "aws_caller_identity",
      "name": "current",
      "provider": "provider[\"registry.terraform.io/hashicorp/aws\"]",
      "instances": [
        {
          "schema_version": 0,
          "attributes": {
            "account_id": "778447891124",
            "arn": "arn:aws:iam::778447891124:user/danny",
            "id": "778447891124",
            "user_id": "AIDA3KPY4FK2OQOISXZ2N"
          },
          "sensitive_attributes": []
        }
      ]
    },
    {
      "mode": "data",
      "type": "aws_iam_policy_document",
      "name": "bucket_policy",
      "provider": "provider[\"registry.terraform.io/hashicorp/aws\"]",
      "instances": []
    },
    {
      "mode": "data",
      "type": "aws_region",
      "name": "current",
      "provider": "provider[\"registry.terraform.io/hashicorp/aws\"]",
      "instances": [
        {
          "schema_version": 0,
          "attributes": {
            "description": "Canada (Central)",
            "endpoint": "ec2.ca-central-1.amazonaws.com",
            "id": "ca-central-1",
            "name": "ca-central-1"
          },
          "sensitive_attributes": []
        }
      ]
    },
    {
      "mode": "data",
      "type": "aws_route53_zone",
      "name": "domain",
      "provider": "provider[\"registry.terraform.io/hashicorp/aws\"]",
      "instances": [
        {
          "schema_version": 0,
          "attributes": {
            "arn": "arn:aws:route53:::hostedzone/Z02438385UGV77MZWI61",
            "caller_reference": "2cda8bcf-838d-49fc-b6e2-dba3250a35c0",
            "comment": "",
            "id": "Z02438385UGV77MZWI61",
            "linked_service_description": null,
            "linked_service_principal": null,
            "name": "dannymoscoso.com",
            "name_servers": [
              "ns-376.awsdns-47.com",
              "ns-1588.awsdns-06.co.uk",
              "ns-1321.awsdns-37.org",
              "ns-954.awsdns-55.net"
            ],
            "primary_name_server": "ns-376.awsdns-47.com",
            "private_zone": false,
            "resource_record_set_count": 11,
            "tags": {},
            "vpc_id": null,
            "zone_id": "Z02438385UGV77MZWI61"
          },
          "sensitive_attributes": []
        }
      ]
    },
    {
      "mode": "managed",
      "type": "aws_acm_certificate",
      "name": "frontend_cert",
      "provider": "provider[\"registry.terraform.io/hashicorp/aws\"].at_edge",
      "instances": [
        {
          "schema_version": 0,
          "attributes": {
            "arn": "arn:aws:acm:us-east-1:778447891124:certificate/8e188036-1ad8-4dd1-bad7-d1d90c4aa26c",
            "certificate_authority_arn": "",
            "certificate_body": null,
            "certificate_chain": null,
            "domain_name": "dannymoscoso.com",
            "domain_validation_options": [
              {
                "domain_name": "dannymoscoso.com",
                "resource_record_name": "_cf271e7b3e9be2b1870ee93f5bcf6fb7.dannymoscoso.com.",
                "resource_record_type": "CNAME",
                "resource_record_value": "_836516b1d2c5e69451f79bd77204e778.bsgbmzkfwj.acm-validations.aws."
              },
              {
                "domain_name": "www.dannymoscoso.com",
                "resource_record_name": "_6951d027a76c31aaa6ac4d06eb3fb581.www.dannymoscoso.com.",
                "resource_record_type": "CNAME",
                "resource_record_value": "_77db1ab8d1bc8615776bb09d3fad4e0b.bsgbmzkfwj.acm-validations.aws."
              }
            ],
            "early_renewal_duration": "",
            "id": "arn:aws:acm:us-east-1:778447891124:certificate/8e188036-1ad8-4dd1-bad7-d1d90c4aa26c",
            "key_algorithm": "RSA_2048",
            "not_after": "2025-02-12T23:59:59Z",
            "not_before": "2024-01-14T00:00:00Z",
            "options": [
              {
                "certificate_transparency_logging_preference": "ENABLED"
              }
            ],
            "pending_renewal": false,
            "private_key": null,
            "renewal_eligibility": "ELIGIBLE",
            "renewal_summary": [],
            "status": "ISSUED",
            "subject_alternative_names": [
              "dannymoscoso.com",
              "www.dannymoscoso.com"
            ],
            "tags": {},
            "tags_all": {},
            "type": "AMAZON_ISSUED",
            "validation_emails": [],
            "validation_method": "DNS",
            "validation_option": []
          },
          "sensitive_attributes": [],
          "private": "bnVsbA==",
          "create_before_destroy": true
        }
      ]
    },
    {
      "mode": "managed",
      "type": "aws_acm_certificate_validation",
      "name": "frontend_cert",
      "provider": "provider[\"registry.terraform.io/hashicorp/aws\"].at_edge",
      "instances": [
        {
          "schema_version": 0,
          "attributes": {
            "certificate_arn": "arn:aws:acm:us-east-1:778447891124:certificate/8e188036-1ad8-4dd1-bad7-d1d90c4aa26c",
            "id": "2024-01-14 02:23:41.556 +0000 UTC",
            "timeouts": null,
            "validation_record_fqdns": [
              "_6951d027a76c31aaa6ac4d06eb3fb581.www.dannymoscoso.com",
              "_cf271e7b3e9be2b1870ee93f5bcf6fb7.dannymoscoso.com"
            ]
          },
          "sensitive_attributes": [],
          "private": "eyJlMmJmYjczMC1lY2FhLTExZTYtOGY4OC0zNDM2M2JjN2M0YzAiOnsiY3JlYXRlIjo0NTAwMDAwMDAwMDAwfX0=",
          "dependencies": [
            "aws_acm_certificate.frontend_cert",
            "aws_route53_record.frontend_cert",
            "data.aws_route53_zone.domain"
          ]
        }
      ]
    },
    {
      "mode": "managed",
      "type": "aws_cloudfront_distribution",
      "name": "s3",
      "provider": "provider[\"registry.terraform.io/hashicorp/aws\"].at_edge",
      "instances": [
        {
          "schema_version": 1,
          "attributes": {
            "aliases": [
              "dannymoscoso.com",
              "www.dannymoscoso.com"
            ],
            "arn": "arn:aws:cloudfront::778447891124:distribution/E1RDEAEINUT057",
            "caller_reference": "terraform-20240114022316968300000002",
            "comment": "Managed by Terraform",
            "custom_error_response": [],
            "default_cache_behavior": [
              {
                "allowed_methods": [
                  "DELETE",
                  "GET",
                  "HEAD",
                  "OPTIONS",
                  "PATCH",
                  "POST",
                  "PUT"
                ],
                "cache_policy_id": "",
                "cached_methods": [
                  "GET",
                  "HEAD"
                ],
                "compress": false,
                "default_ttl": 3600,
                "field_level_encryption_id": "",
                "forwarded_values": [
                  {
                    "cookies": [
                      {
                        "forward": "all",
                        "whitelisted_names": []
                      }
                    ],
                    "headers": [],
                    "query_string": true,
                    "query_string_cache_keys": []
                  }
                ],
                "function_association": [],
                "lambda_function_association": [],
                "max_ttl": 86400,
                "min_ttl": 0,
                "origin_request_policy_id": "",
                "realtime_log_config_arn": "",
                "response_headers_policy_id": "",
                "smooth_streaming": false,
                "target_origin_id": "portfolio",
                "trusted_key_groups": [],
                "trusted_signers": [],
                "viewer_protocol_policy": "redirect-to-https"
              }
            ],
            "default_root_object": "index.html",
            "domain_name": "d3twwfvyhhb5ho.cloudfront.net",
            "enabled": true,
            "etag": "ERU8A8EBAEXLZ",
            "hosted_zone_id": "Z2FDTNDATAQYW2",
            "http_version": "http2",
            "id": "E1RDEAEINUT057",
            "in_progress_validation_batches": 0,
            "is_ipv6_enabled": false,
            "last_modified_time": "2024-01-14 03:00:52.725 +0000 UTC",
            "logging_config": [],
            "ordered_cache_behavior": [],
            "origin": [
              {
                "connection_attempts": 3,
                "connection_timeout": 10,
                "custom_header": [],
                "custom_origin_config": [],
                "domain_name": "terraform-20240114022308174100000002.s3-website.ca-central-1.amazonaws.com",
                "origin_access_control_id": "ETNVQVEDL030W",
                "origin_id": "portfolio",
                "origin_path": "",
                "origin_shield": [],
                "s3_origin_config": []
              }
            ],
            "origin_group": [],
            "price_class": "PriceClass_All",
            "restrictions": [
              {
                "geo_restriction": [
                  {
                    "locations": [],
                    "restriction_type": "none"
                  }
                ]
              }
            ],
            "retain_on_delete": false,
            "status": "Deployed",
            "tags": {},
            "tags_all": {},
            "trusted_key_groups": [
              {
                "enabled": false,
                "items": []
              }
            ],
            "trusted_signers": [
              {
                "enabled": false,
                "items": []
              }
            ],
            "viewer_certificate": [
              {
                "acm_certificate_arn": "arn:aws:acm:us-east-1:778447891124:certificate/8e188036-1ad8-4dd1-bad7-d1d90c4aa26c",
                "cloudfront_default_certificate": false,
                "iam_certificate_id": "",
                "minimum_protocol_version": "TLSv1",
                "ssl_support_method": "sni-only"
              }
            ],
            "wait_for_deployment": true,
            "web_acl_id": ""
          },
          "sensitive_attributes": [],
          "private": "eyJzY2hlbWFfdmVyc2lvbiI6IjEifQ==",
          "dependencies": [
            "aws_acm_certificate.frontend_cert",
            "aws_cloudfront_origin_access_control.s3",
            "aws_s3_bucket.frontend",
            "data.aws_region.current"
          ]
        }
      ]
    },
    {
      "mode": "managed",
      "type": "aws_cloudfront_origin_access_control",
      "name": "s3",
      "provider": "provider[\"registry.terraform.io/hashicorp/aws\"]",
      "instances": [
        {
          "schema_version": 0,
          "attributes": {
            "description": "terraform controlled ",
            "etag": "ETVPDKIKX0DER",
            "id": "ETNVQVEDL030W",
            "name": "portfolio",
            "origin_access_control_origin_type": "s3",
            "signing_behavior": "always",
            "signing_protocol": "sigv4"
          },
          "sensitive_attributes": [],
          "private": "bnVsbA=="
        }
      ]
    },
    {
      "mode": "managed",
      "type": "aws_cloudfront_origin_access_identity",
      "name": "frontend",
      "provider": "provider[\"registry.terraform.io/hashicorp/aws\"]",
      "instances": [
        {
          "schema_version": 0,
          "attributes": {
            "caller_reference": "terraform-20240114022308168400000001",
            "cloudfront_access_identity_path": "origin-access-identity/cloudfront/E2DO9SFF7S4STV",
            "comment": "terraform controlled",
            "etag": "E12IODIU2Q28JE",
            "iam_arn": "arn:aws:iam::cloudfront:user/CloudFront Origin Access Identity E2DO9SFF7S4STV",
            "id": "E2DO9SFF7S4STV",
            "s3_canonical_user_id": "63a8fe91862f4ad780a1becbdfa54bfca5d767dead79c63d36e9484e8d8043f5d624e7f968eee1b82a498e6db7c64106"
          },
          "sensitive_attributes": [],
          "private": "bnVsbA=="
        }
      ]
    },
    {
      "mode": "managed",
      "type": "aws_route53_record",
      "name": "frontend",
      "provider": "provider[\"registry.terraform.io/hashicorp/aws\"]",
      "instances": [
        {
          "schema_version": 2,
          "attributes": {
            "alias": [
              {
                "evaluate_target_health": true,
                "name": "d3twwfvyhhb5ho.cloudfront.net",
                "zone_id": "Z2FDTNDATAQYW2"
              }
            ],
            "allow_overwrite": null,
            "cidr_routing_policy": [],
            "failover_routing_policy": [],
            "fqdn": "dannymoscoso.com",
            "geolocation_routing_policy": [],
            "health_check_id": "",
            "id": "Z02438385UGV77MZWI61_dannymoscoso.com_A",
            "latency_routing_policy": [],
            "multivalue_answer_routing_policy": false,
            "name": "dannymoscoso.com",
            "records": [],
            "set_identifier": "",
            "ttl": 0,
            "type": "A",
            "weighted_routing_policy": [],
            "zone_id": "Z02438385UGV77MZWI61"
          },
          "sensitive_attributes": [],
          "private": "eyJzY2hlbWFfdmVyc2lvbiI6IjIifQ==",
          "dependencies": [
            "aws_acm_certificate.frontend_cert",
            "aws_cloudfront_distribution.s3",
            "aws_cloudfront_origin_access_control.s3",
            "aws_s3_bucket.frontend",
            "data.aws_region.current",
            "data.aws_route53_zone.domain"
          ]
        }
      ]
    },
    {
      "mode": "managed",
      "type": "aws_route53_record",
      "name": "frontend_cert",
      "provider": "provider[\"registry.terraform.io/hashicorp/aws\"].at_edge",
      "instances": [
        {
          "index_key": "dannymoscoso.com",
          "schema_version": 2,
          "attributes": {
            "alias": [],
            "allow_overwrite": true,
            "cidr_routing_policy": [],
            "failover_routing_policy": [],
            "fqdn": "_cf271e7b3e9be2b1870ee93f5bcf6fb7.dannymoscoso.com",
            "geolocation_routing_policy": [],
            "health_check_id": "",
            "id": "Z02438385UGV77MZWI61__cf271e7b3e9be2b1870ee93f5bcf6fb7.dannymoscoso.com._CNAME",
            "latency_routing_policy": [],
            "multivalue_answer_routing_policy": false,
            "name": "_cf271e7b3e9be2b1870ee93f5bcf6fb7.dannymoscoso.com",
            "records": [
              "_836516b1d2c5e69451f79bd77204e778.bsgbmzkfwj.acm-validations.aws."
            ],
            "set_identifier": "",
            "ttl": 60,
            "type": "CNAME",
            "weighted_routing_policy": [],
            "zone_id": "Z02438385UGV77MZWI61"
          },
          "sensitive_attributes": [],
          "private": "eyJzY2hlbWFfdmVyc2lvbiI6IjIifQ==",
          "dependencies": [
            "aws_acm_certificate.frontend_cert",
            "data.aws_route53_zone.domain"
          ]
        },
        {
          "index_key": "www.dannymoscoso.com",
          "schema_version": 2,
          "attributes": {
            "alias": [],
            "allow_overwrite": true,
            "cidr_routing_policy": [],
            "failover_routing_policy": [],
            "fqdn": "_6951d027a76c31aaa6ac4d06eb3fb581.www.dannymoscoso.com",
            "geolocation_routing_policy": [],
            "health_check_id": "",
            "id": "Z02438385UGV77MZWI61__6951d027a76c31aaa6ac4d06eb3fb581.www.dannymoscoso.com._CNAME",
            "latency_routing_policy": [],
            "multivalue_answer_routing_policy": false,
            "name": "_6951d027a76c31aaa6ac4d06eb3fb581.www.dannymoscoso.com",
            "records": [
              "_77db1ab8d1bc8615776bb09d3fad4e0b.bsgbmzkfwj.acm-validations.aws."
            ],
            "set_identifier": "",
            "ttl": 60,
            "type": "CNAME",
            "weighted_routing_policy": [],
            "zone_id": "Z02438385UGV77MZWI61"
          },
          "sensitive_attributes": [],
          "private": "eyJzY2hlbWFfdmVyc2lvbiI6IjIifQ==",
          "dependencies": [
            "aws_acm_certificate.frontend_cert",
            "data.aws_route53_zone.domain"
          ]
        }
      ]
    },
    {
      "mode": "managed",
      "type": "aws_route53_record",
      "name": "frontend_www",
      "provider": "provider[\"registry.terraform.io/hashicorp/aws\"]",
      "instances": [
        {
          "schema_version": 2,
          "attributes": {
            "alias": [
              {
                "evaluate_target_health": true,
                "name": "d3twwfvyhhb5ho.cloudfront.net",
                "zone_id": "Z2FDTNDATAQYW2"
              }
            ],
            "allow_overwrite": null,
            "cidr_routing_policy": [],
            "failover_routing_policy": [],
            "fqdn": "www.dannymoscoso.com",
            "geolocation_routing_policy": [],
            "health_check_id": "",
            "id": "Z02438385UGV77MZWI61_www.dannymoscoso.com_A",
            "latency_routing_policy": [],
            "multivalue_answer_routing_policy": false,
            "name": "www.dannymoscoso.com",
            "records": [],
            "set_identifier": "",
            "ttl": 0,
            "type": "A",
            "weighted_routing_policy": [],
            "zone_id": "Z02438385UGV77MZWI61"
          },
          "sensitive_attributes": [],
          "private": "eyJzY2hlbWFfdmVyc2lvbiI6IjIifQ==",
          "dependencies": [
            "aws_acm_certificate.frontend_cert",
            "aws_cloudfront_distribution.s3",
            "aws_cloudfront_origin_access_control.s3",
            "aws_s3_bucket.frontend",
            "data.aws_region.current",
            "data.aws_route53_zone.domain"
          ]
        }
      ]
    },
    {
      "mode": "managed",
      "type": "aws_s3_bucket",
      "name": "frontend",
      "provider": "provider[\"registry.terraform.io/hashicorp/aws\"]",
      "instances": [
        {
          "schema_version": 0,
          "attributes": {
            "acceleration_status": "",
            "acl": null,
            "arn": "arn:aws:s3:::terraform-20240114022308174100000002",
            "bucket": "terraform-20240114022308174100000002",
            "bucket_domain_name": "terraform-20240114022308174100000002.s3.amazonaws.com",
            "bucket_prefix": "terraform-",
            "bucket_regional_domain_name": "terraform-20240114022308174100000002.s3.ca-central-1.amazonaws.com",
            "cors_rule": [
              {
                "allowed_headers": [
                  "*"
                ],
                "allowed_methods": [
                  "GET"
                ],
                "allowed_origins": [
                  "*"
                ],
                "expose_headers": [
                  "ETag"
                ],
                "max_age_seconds": 3000
              }
            ],
            "force_destroy": false,
            "grant": [
              {
                "id": "",
                "permissions": [
                  "READ"
                ],
                "type": "Group",
                "uri": "http://acs.amazonaws.com/groups/global/AllUsers"
              },
              {
                "id": "3dc1bf394f8816ae4d10b219a27f88bf109e6fc9f5c969f9d245c3b3fa5061e3",
                "permissions": [
                  "FULL_CONTROL"
                ],
                "type": "CanonicalUser",
                "uri": ""
              }
            ],
            "hosted_zone_id": "Z1QDHH18159H29",
            "id": "terraform-20240114022308174100000002",
            "lifecycle_rule": [],
            "logging": [],
            "object_lock_configuration": [],
            "object_lock_enabled": false,
            "policy": "{\"Statement\":[{\"Action\":\"s3:GetObject\",\"Condition\":{\"StringEquals\":{\"AWS:SourceArn\":\"arn:aws:cloudfront::778447891124:distribution/E1RDEAEINUT057\"}},\"Effect\":\"Allow\",\"Principal\":{\"Service\":\"cloudfront.amazonaws.com\"},\"Resource\":[\"arn:aws:s3:::terraform-20240114022308174100000002/*\",\"arn:aws:s3:::terraform-20240114022308174100000002\"],\"Sid\":\"\"}],\"Version\":\"2012-10-17\"}",
            "region": "ca-central-1",
            "replication_configuration": [],
            "request_payer": "BucketOwner",
            "server_side_encryption_configuration": [
              {
                "rule": [
                  {
                    "apply_server_side_encryption_by_default": [
                      {
                        "kms_master_key_id": "",
                        "sse_algorithm": "AES256"
                      }
                    ],
                    "bucket_key_enabled": false
                  }
                ]
              }
            ],
            "tags": {},
            "tags_all": {},
            "timeouts": null,
            "versioning": [
              {
                "enabled": false,
                "mfa_delete": false
              }
            ],
            "website": [
              {
                "error_document": "404.html",
                "index_document": "index.html",
                "redirect_all_requests_to": "",
                "routing_rules": ""
              }
            ],
            "website_domain": "s3-website.ca-central-1.amazonaws.com",
            "website_endpoint": "terraform-20240114022308174100000002.s3-website.ca-central-1.amazonaws.com"
          },
          "sensitive_attributes": [],
          "private": "eyJlMmJmYjczMC1lY2FhLTExZTYtOGY4OC0zNDM2M2JjN2M0YzAiOnsiY3JlYXRlIjoxMjAwMDAwMDAwMDAwLCJkZWxldGUiOjM2MDAwMDAwMDAwMDAsInJlYWQiOjEyMDAwMDAwMDAwMDAsInVwZGF0ZSI6MTIwMDAwMDAwMDAwMH19"
        }
      ]
    },
    {
      "mode": "managed",
      "type": "aws_s3_bucket_acl",
      "name": "frontend",
      "provider": "provider[\"registry.terraform.io/hashicorp/aws\"]",
      "instances": [
        {
          "schema_version": 0,
          "attributes": {
            "access_control_policy": [
              {
                "grant": [
                  {
                    "grantee": [
                      {
                        "display_name": "",
                        "email_address": "",
                        "id": "",
                        "type": "Group",
                        "uri": "http://acs.amazonaws.com/groups/global/AllUsers"
                      }
                    ],
                    "permission": "READ"
                  },
                  {
                    "grantee": [
                      {
                        "display_name": "",
                        "email_address": "",
                        "id": "3dc1bf394f8816ae4d10b219a27f88bf109e6fc9f5c969f9d245c3b3fa5061e3",
                        "type": "CanonicalUser",
                        "uri": ""
                      }
                    ],
                    "permission": "FULL_CONTROL"
                  }
                ],
                "owner": [
                  {
                    "display_name": "",
                    "id": "3dc1bf394f8816ae4d10b219a27f88bf109e6fc9f5c969f9d245c3b3fa5061e3"
                  }
                ]
              }
            ],
            "acl": "public-read",
            "bucket": "terraform-20240114022308174100000002",
            "expected_bucket_owner": "",
            "id": "terraform-20240114022308174100000002,public-read"
          },
          "sensitive_attributes": [],
          "private": "bnVsbA==",
          "dependencies": [
            "aws_s3_bucket.frontend",
            "aws_s3_bucket_ownership_controls.frontend",
            "aws_s3_bucket_public_access_block.frontend"
          ]
        }
      ]
    },
    {
      "mode": "managed",
      "type": "aws_s3_bucket_object",
      "name": "static_files",
      "provider": "provider[\"registry.terraform.io/hashicorp/aws\"]",
      "instances": [
        {
          "index_key": "404.html",
          "schema_version": 0,
          "attributes": {
            "acl": "private",
            "bucket": "terraform-20240114022308174100000002",
            "bucket_key_enabled": false,
            "cache_control": "",
            "content": null,
            "content_base64": null,
            "content_disposition": "",
            "content_encoding": "",
            "content_language": "",
            "content_type": "text/html; charset=utf-8",
            "etag": "ccb146ae962412797f93d619356a1ba3",
            "force_destroy": false,
            "id": "404.html",
            "key": "404.html",
            "kms_key_id": null,
            "metadata": {},
            "object_lock_legal_hold_status": "",
            "object_lock_mode": "",
            "object_lock_retain_until_date": "",
            "server_side_encryption": "AES256",
            "source": "../frontend/public/404.html",
            "source_hash": null,
            "storage_class": "STANDARD",
            "tags": {},
            "tags_all": {},
            "version_id": "",
            "website_redirect": ""
          },
          "sensitive_attributes": [],
          "private": "bnVsbA==",
          "dependencies": [
            "aws_s3_bucket.frontend"
          ]
        },
        {
          "index_key": "404/index.html",
          "schema_version": 0,
          "attributes": {
            "acl": "private",
            "bucket": "terraform-20240114022308174100000002",
            "bucket_key_enabled": false,
            "cache_control": "",
            "content": null,
            "content_base64": null,
            "content_disposition": "",
            "content_encoding": "",
            "content_language": "",
            "content_type": "text/html; charset=utf-8",
            "etag": "fd0f7c497c5f8dd88bb466006668d876",
            "force_destroy": false,
            "id": "404/index.html",
            "key": "404/index.html",
            "kms_key_id": null,
            "metadata": {},
            "object_lock_legal_hold_status": "",
            "object_lock_mode": "",
            "object_lock_retain_until_date": "",
            "server_side_encryption": "AES256",
            "source": "../frontend/public/404/index.html",
            "source_hash": null,
            "storage_class": "STANDARD",
            "tags": {},
            "tags_all": {},
            "version_id": "",
            "website_redirect": ""
          },
          "sensitive_attributes": [],
          "private": "bnVsbA==",
          "dependencies": [
            "aws_s3_bucket.frontend"
          ]
        },
        {
          "index_key": "_gatsby/slices/_gatsby-scripts-1.html",
          "schema_version": 0,
          "attributes": {
            "acl": "private",
            "bucket": "terraform-20240114022308174100000002",
            "bucket_key_enabled": false,
            "cache_control": "",
            "content": null,
            "content_base64": null,
            "content_disposition": "",
            "content_encoding": "",
            "content_language": "",
            "content_type": "text/html; charset=utf-8",
            "etag": "157172f242c9117cc6b195cf57035586",
            "force_destroy": false,
            "id": "_gatsby/slices/_gatsby-scripts-1.html",
            "key": "_gatsby/slices/_gatsby-scripts-1.html",
            "kms_key_id": null,
            "metadata": {},
            "object_lock_legal_hold_status": "",
            "object_lock_mode": "",
            "object_lock_retain_until_date": "",
            "server_side_encryption": "AES256",
            "source": "../frontend/public/_gatsby/slices/_gatsby-scripts-1.html",
            "source_hash": null,
            "storage_class": "STANDARD",
            "tags": {},
            "tags_all": {},
            "version_id": "",
            "website_redirect": ""
          },
          "sensitive_attributes": [],
          "private": "bnVsbA==",
          "dependencies": [
            "aws_s3_bucket.frontend"
          ]
        },
        {
          "index_key": "app-5a793036254f55f8abe0.js",
          "schema_version": 0,
          "attributes": {
            "acl": "private",
            "bucket": "terraform-20240114022308174100000002",
            "bucket_key_enabled": false,
            "cache_control": "",
            "content": null,
            "content_base64": null,
            "content_disposition": "",
            "content_encoding": "",
            "content_language": "",
            "content_type": "application/javascript",
            "etag": "5aa1cf06a5ddae06afab75c514009a18",
            "force_destroy": false,
            "id": "app-5a793036254f55f8abe0.js",
            "key": "app-5a793036254f55f8abe0.js",
            "kms_key_id": null,
            "metadata": {},
            "object_lock_legal_hold_status": "",
            "object_lock_mode": "",
            "object_lock_retain_until_date": "",
            "server_side_encryption": "AES256",
            "source": "../frontend/public/app-5a793036254f55f8abe0.js",
            "source_hash": null,
            "storage_class": "STANDARD",
            "tags": {},
            "tags_all": {},
            "version_id": "",
            "website_redirect": ""
          },
          "sensitive_attributes": [],
          "private": "bnVsbA==",
          "dependencies": [
            "aws_s3_bucket.frontend"
          ]
        },
        {
          "index_key": "app-5a793036254f55f8abe0.js.LICENSE.txt",
          "schema_version": 0,
          "attributes": {
            "acl": "private",
            "bucket": "terraform-20240114022308174100000002",
            "bucket_key_enabled": false,
            "cache_control": "",
            "content": null,
            "content_base64": null,
            "content_disposition": "",
            "content_encoding": "",
            "content_language": "",
            "content_type": "text/plain; charset=utf-8",
            "etag": "8fb505a0d15bd340a3f1f1c822e27e4a",
            "force_destroy": false,
            "id": "app-5a793036254f55f8abe0.js.LICENSE.txt",
            "key": "app-5a793036254f55f8abe0.js.LICENSE.txt",
            "kms_key_id": null,
            "metadata": {},
            "object_lock_legal_hold_status": "",
            "object_lock_mode": "",
            "object_lock_retain_until_date": "",
            "server_side_encryption": "AES256",
            "source": "../frontend/public/app-5a793036254f55f8abe0.js.LICENSE.txt",
            "source_hash": null,
            "storage_class": "STANDARD",
            "tags": {},
            "tags_all": {},
            "version_id": "",
            "website_redirect": ""
          },
          "sensitive_attributes": [],
          "private": "bnVsbA==",
          "dependencies": [
            "aws_s3_bucket.frontend"
          ]
        },
        {
          "index_key": "app-5a793036254f55f8abe0.js.map",
          "schema_version": 0,
          "attributes": {
            "acl": "private",
            "bucket": "terraform-20240114022308174100000002",
            "bucket_key_enabled": false,
            "cache_control": "",
            "content": null,
            "content_base64": null,
            "content_disposition": "",
            "content_encoding": "",
            "content_language": "",
            "content_type": "application/octet-stream",
            "etag": "70829ca1d421bcff5cddd375da67d364",
            "force_destroy": false,
            "id": "app-5a793036254f55f8abe0.js.map",
            "key": "app-5a793036254f55f8abe0.js.map",
            "kms_key_id": null,
            "metadata": {},
            "object_lock_legal_hold_status": "",
            "object_lock_mode": "",
            "object_lock_retain_until_date": "",
            "server_side_encryption": "AES256",
            "source": "../frontend/public/app-5a793036254f55f8abe0.js.map",
            "source_hash": null,
            "storage_class": "STANDARD",
            "tags": {},
            "tags_all": {},
            "version_id": "",
            "website_redirect": ""
          },
          "sensitive_attributes": [],
          "private": "bnVsbA==",
          "dependencies": [
            "aws_s3_bucket.frontend"
          ]
        },
        {
          "index_key": "app-841086a66c3cc9ea8967.js",
          "schema_version": 0,
          "attributes": {
            "acl": "private",
            "bucket": "terraform-20240114022308174100000002",
            "bucket_key_enabled": false,
            "cache_control": "",
            "content": null,
            "content_base64": null,
            "content_disposition": "",
            "content_encoding": "",
            "content_language": "",
            "content_type": "application/javascript",
            "etag": "ef6aad24420795d68cf81cf5e6f5c273",
            "force_destroy": false,
            "id": "app-841086a66c3cc9ea8967.js",
            "key": "app-841086a66c3cc9ea8967.js",
            "kms_key_id": null,
            "metadata": {},
            "object_lock_legal_hold_status": "",
            "object_lock_mode": "",
            "object_lock_retain_until_date": "",
            "server_side_encryption": "AES256",
            "source": "../frontend/public/app-841086a66c3cc9ea8967.js",
            "source_hash": null,
            "storage_class": "STANDARD",
            "tags": {},
            "tags_all": {},
            "version_id": "",
            "website_redirect": ""
          },
          "sensitive_attributes": [],
          "private": "bnVsbA==",
          "dependencies": [
            "aws_s3_bucket.frontend"
          ]
        },
        {
          "index_key": "app-841086a66c3cc9ea8967.js.LICENSE.txt",
          "schema_version": 0,
          "attributes": {
            "acl": "private",
            "bucket": "terraform-20240114022308174100000002",
            "bucket_key_enabled": false,
            "cache_control": "",
            "content": null,
            "content_base64": null,
            "content_disposition": "",
            "content_encoding": "",
            "content_language": "",
            "content_type": "text/plain; charset=utf-8",
            "etag": "8fb505a0d15bd340a3f1f1c822e27e4a",
            "force_destroy": false,
            "id": "app-841086a66c3cc9ea8967.js.LICENSE.txt",
            "key": "app-841086a66c3cc9ea8967.js.LICENSE.txt",
            "kms_key_id": null,
            "metadata": {},
            "object_lock_legal_hold_status": "",
            "object_lock_mode": "",
            "object_lock_retain_until_date": "",
            "server_side_encryption": "AES256",
            "source": "../frontend/public/app-841086a66c3cc9ea8967.js.LICENSE.txt",
            "source_hash": null,
            "storage_class": "STANDARD",
            "tags": {},
            "tags_all": {},
            "version_id": "",
            "website_redirect": ""
          },
          "sensitive_attributes": [],
          "private": "bnVsbA==",
          "dependencies": [
            "aws_s3_bucket.frontend"
          ]
        },
        {
          "index_key": "app-841086a66c3cc9ea8967.js.map",
          "schema_version": 0,
          "attributes": {
            "acl": "private",
            "bucket": "terraform-20240114022308174100000002",
            "bucket_key_enabled": false,
            "cache_control": "",
            "content": null,
            "content_base64": null,
            "content_disposition": "",
            "content_encoding": "",
            "content_language": "",
            "content_type": "application/octet-stream",
            "etag": "2c32e1f8a74632e9766319a2964d55bc",
            "force_destroy": false,
            "id": "app-841086a66c3cc9ea8967.js.map",
            "key": "app-841086a66c3cc9ea8967.js.map",
            "kms_key_id": null,
            "metadata": {},
            "object_lock_legal_hold_status": "",
            "object_lock_mode": "",
            "object_lock_retain_until_date": "",
            "server_side_encryption": "AES256",
            "source": "../frontend/public/app-841086a66c3cc9ea8967.js.map",
            "source_hash": null,
            "storage_class": "STANDARD",
            "tags": {},
            "tags_all": {},
            "version_id": "",
            "website_redirect": ""
          },
          "sensitive_attributes": [],
          "private": "bnVsbA==",
          "dependencies": [
            "aws_s3_bucket.frontend"
          ]
        },
        {
          "index_key": "c169b6902947a77fec05096cb4da441bfcc3d6f1-4a4c3b15ca7ca2bda5c7.js",
          "schema_version": 0,
          "attributes": {
            "acl": "private",
            "bucket": "terraform-20240114022308174100000002",
            "bucket_key_enabled": false,
            "cache_control": "",
            "content": null,
            "content_base64": null,
            "content_disposition": "",
            "content_encoding": "",
            "content_language": "",
            "content_type": "application/javascript",
            "etag": "ab35ea82ba8ec34797fc70a7d38aaea5",
            "force_destroy": false,
            "id": "c169b6902947a77fec05096cb4da441bfcc3d6f1-4a4c3b15ca7ca2bda5c7.js",
            "key": "c169b6902947a77fec05096cb4da441bfcc3d6f1-4a4c3b15ca7ca2bda5c7.js",
            "kms_key_id": null,
            "metadata": {},
            "object_lock_legal_hold_status": "",
            "object_lock_mode": "",
            "object_lock_retain_until_date": "",
            "server_side_encryption": "AES256",
            "source": "../frontend/public/c169b6902947a77fec05096cb4da441bfcc3d6f1-4a4c3b15ca7ca2bda5c7.js",
            "source_hash": null,
            "storage_class": "STANDARD",
            "tags": {},
            "tags_all": {},
            "version_id": "",
            "website_redirect": ""
          },
          "sensitive_attributes": [],
          "private": "bnVsbA==",
          "dependencies": [
            "aws_s3_bucket.frontend"
          ]
        },
        {
          "index_key": "c169b6902947a77fec05096cb4da441bfcc3d6f1-4a4c3b15ca7ca2bda5c7.js.LICENSE.txt",
          "schema_version": 0,
          "attributes": {
            "acl": "private",
            "bucket": "terraform-20240114022308174100000002",
            "bucket_key_enabled": false,
            "cache_control": "",
            "content": null,
            "content_base64": null,
            "content_disposition": "",
            "content_encoding": "",
            "content_language": "",
            "content_type": "text/plain; charset=utf-8",
            "etag": "6fce53c7c7713ebf61712cc2929746fa",
            "force_destroy": false,
            "id": "c169b6902947a77fec05096cb4da441bfcc3d6f1-4a4c3b15ca7ca2bda5c7.js.LICENSE.txt",
            "key": "c169b6902947a77fec05096cb4da441bfcc3d6f1-4a4c3b15ca7ca2bda5c7.js.LICENSE.txt",
            "kms_key_id": null,
            "metadata": {},
            "object_lock_legal_hold_status": "",
            "object_lock_mode": "",
            "object_lock_retain_until_date": "",
            "server_side_encryption": "AES256",
            "source": "../frontend/public/c169b6902947a77fec05096cb4da441bfcc3d6f1-4a4c3b15ca7ca2bda5c7.js.LICENSE.txt",
            "source_hash": null,
            "storage_class": "STANDARD",
            "tags": {},
            "tags_all": {},
            "version_id": "",
            "website_redirect": ""
          },
          "sensitive_attributes": [],
          "private": "bnVsbA==",
          "dependencies": [
            "aws_s3_bucket.frontend"
          ]
        },
        {
          "index_key": "c169b6902947a77fec05096cb4da441bfcc3d6f1-4a4c3b15ca7ca2bda5c7.js.map",
          "schema_version": 0,
          "attributes": {
            "acl": "private",
            "bucket": "terraform-20240114022308174100000002",
            "bucket_key_enabled": false,
            "cache_control": "",
            "content": null,
            "content_base64": null,
            "content_disposition": "",
            "content_encoding": "",
            "content_language": "",
            "content_type": "application/octet-stream",
            "etag": "27089401eea6a1d77729b9c380915c96",
            "force_destroy": false,
            "id": "c169b6902947a77fec05096cb4da441bfcc3d6f1-4a4c3b15ca7ca2bda5c7.js.map",
            "key": "c169b6902947a77fec05096cb4da441bfcc3d6f1-4a4c3b15ca7ca2bda5c7.js.map",
            "kms_key_id": null,
            "metadata": {},
            "object_lock_legal_hold_status": "",
            "object_lock_mode": "",
            "object_lock_retain_until_date": "",
            "server_side_encryption": "AES256",
            "source": "../frontend/public/c169b6902947a77fec05096cb4da441bfcc3d6f1-4a4c3b15ca7ca2bda5c7.js.map",
            "source_hash": null,
            "storage_class": "STANDARD",
            "tags": {},
            "tags_all": {},
            "version_id": "",
            "website_redirect": ""
          },
          "sensitive_attributes": [],
          "private": "bnVsbA==",
          "dependencies": [
            "aws_s3_bucket.frontend"
          ]
        },
        {
          "index_key": "chunk-map.json",
          "schema_version": 0,
          "attributes": {
            "acl": "private",
            "bucket": "terraform-20240114022308174100000002",
            "bucket_key_enabled": false,
            "cache_control": "",
            "content": null,
            "content_base64": null,
            "content_disposition": "",
            "content_encoding": "",
            "content_language": "",
            "content_type": "application/json",
            "etag": "84332591b1093799b873aa50d2c4c8b1",
            "force_destroy": false,
            "id": "chunk-map.json",
            "key": "chunk-map.json",
            "kms_key_id": null,
            "metadata": {},
            "object_lock_legal_hold_status": "",
            "object_lock_mode": "",
            "object_lock_retain_until_date": "",
            "server_side_encryption": "AES256",
            "source": "../frontend/public/chunk-map.json",
            "source_hash": null,
            "storage_class": "STANDARD",
            "tags": {},
            "tags_all": {},
            "version_id": "",
            "website_redirect": ""
          },
          "sensitive_attributes": [],
          "private": "bnVsbA==",
          "dependencies": [
            "aws_s3_bucket.frontend"
          ]
        },
        {
          "index_key": "commons-ed0361e41e7a1b0d9af2.js",
          "schema_version": 0,
          "attributes": {
            "acl": "private",
            "bucket": "terraform-20240114022308174100000002",
            "bucket_key_enabled": false,
            "cache_control": "",
            "content": null,
            "content_base64": null,
            "content_disposition": "",
            "content_encoding": "",
            "content_language": "",
            "content_type": "application/javascript",
            "etag": "d8c9362016d031b44af3df38a23b3e24",
            "force_destroy": false,
            "id": "commons-ed0361e41e7a1b0d9af2.js",
            "key": "commons-ed0361e41e7a1b0d9af2.js",
            "kms_key_id": null,
            "metadata": {},
            "object_lock_legal_hold_status": "",
            "object_lock_mode": "",
            "object_lock_retain_until_date": "",
            "server_side_encryption": "AES256",
            "source": "../frontend/public/commons-ed0361e41e7a1b0d9af2.js",
            "source_hash": null,
            "storage_class": "STANDARD",
            "tags": {},
            "tags_all": {},
            "version_id": "",
            "website_redirect": ""
          },
          "sensitive_attributes": [],
          "private": "bnVsbA==",
          "dependencies": [
            "aws_s3_bucket.frontend"
          ]
        },
        {
          "index_key": "commons-ed0361e41e7a1b0d9af2.js.map",
          "schema_version": 0,
          "attributes": {
            "acl": "private",
            "bucket": "terraform-20240114022308174100000002",
            "bucket_key_enabled": false,
            "cache_control": "",
            "content": null,
            "content_base64": null,
            "content_disposition": "",
            "content_encoding": "",
            "content_language": "",
            "content_type": "application/octet-stream",
            "etag": "48d36d6036913407946d880d0d8d985b",
            "force_destroy": false,
            "id": "commons-ed0361e41e7a1b0d9af2.js.map",
            "key": "commons-ed0361e41e7a1b0d9af2.js.map",
            "kms_key_id": null,
            "metadata": {},
            "object_lock_legal_hold_status": "",
            "object_lock_mode": "",
            "object_lock_retain_until_date": "",
            "server_side_encryption": "AES256",
            "source": "../frontend/public/commons-ed0361e41e7a1b0d9af2.js.map",
            "source_hash": null,
            "storage_class": "STANDARD",
            "tags": {},
            "tags_all": {},
            "version_id": "",
            "website_redirect": ""
          },
          "sensitive_attributes": [],
          "private": "bnVsbA==",
          "dependencies": [
            "aws_s3_bucket.frontend"
          ]
        },
        {
          "index_key": "component---src-pages-404-js-675e02a1c2e1f61a10c5.js",
          "schema_version": 0,
          "attributes": {
            "acl": "private",
            "bucket": "terraform-20240114022308174100000002",
            "bucket_key_enabled": false,
            "cache_control": "",
            "content": null,
            "content_base64": null,
            "content_disposition": "",
            "content_encoding": "",
            "content_language": "",
            "content_type": "application/javascript",
            "etag": "9e8223700fdc560c96d31b8be3390dc1",
            "force_destroy": false,
            "id": "component---src-pages-404-js-675e02a1c2e1f61a10c5.js",
            "key": "component---src-pages-404-js-675e02a1c2e1f61a10c5.js",
            "kms_key_id": null,
            "metadata": {},
            "object_lock_legal_hold_status": "",
            "object_lock_mode": "",
            "object_lock_retain_until_date": "",
            "server_side_encryption": "AES256",
            "source": "../frontend/public/component---src-pages-404-js-675e02a1c2e1f61a10c5.js",
            "source_hash": null,
            "storage_class": "STANDARD",
            "tags": {},
            "tags_all": {},
            "version_id": "",
            "website_redirect": ""
          },
          "sensitive_attributes": [],
          "private": "bnVsbA==",
          "dependencies": [
            "aws_s3_bucket.frontend"
          ]
        },
        {
          "index_key": "component---src-pages-404-js-675e02a1c2e1f61a10c5.js.map",
          "schema_version": 0,
          "attributes": {
            "acl": "private",
            "bucket": "terraform-20240114022308174100000002",
            "bucket_key_enabled": false,
            "cache_control": "",
            "content": null,
            "content_base64": null,
            "content_disposition": "",
            "content_encoding": "",
            "content_language": "",
            "content_type": "application/octet-stream",
            "etag": "3d4a5333047f50a2ed889afd2f20187b",
            "force_destroy": false,
            "id": "component---src-pages-404-js-675e02a1c2e1f61a10c5.js.map",
            "key": "component---src-pages-404-js-675e02a1c2e1f61a10c5.js.map",
            "kms_key_id": null,
            "metadata": {},
            "object_lock_legal_hold_status": "",
            "object_lock_mode": "",
            "object_lock_retain_until_date": "",
            "server_side_encryption": "AES256",
            "source": "../frontend/public/component---src-pages-404-js-675e02a1c2e1f61a10c5.js.map",
            "source_hash": null,
            "storage_class": "STANDARD",
            "tags": {},
            "tags_all": {},
            "version_id": "",
            "website_redirect": ""
          },
          "sensitive_attributes": [],
          "private": "bnVsbA==",
          "dependencies": [
            "aws_s3_bucket.frontend"
          ]
        },
        {
          "index_key": "component---src-pages-index-js-624aaa1efe3238abe3ba.js",
          "schema_version": 0,
          "attributes": {
            "acl": "private",
            "bucket": "terraform-20240114022308174100000002",
            "bucket_key_enabled": false,
            "cache_control": "",
            "content": null,
            "content_base64": null,
            "content_disposition": "",
            "content_encoding": "",
            "content_language": "",
            "content_type": "application/javascript",
            "etag": "7302d0b0b9c8adaf0660822de296e73a",
            "force_destroy": false,
            "id": "component---src-pages-index-js-624aaa1efe3238abe3ba.js",
            "key": "component---src-pages-index-js-624aaa1efe3238abe3ba.js",
            "kms_key_id": null,
            "metadata": {},
            "object_lock_legal_hold_status": "",
            "object_lock_mode": "",
            "object_lock_retain_until_date": "",
            "server_side_encryption": "AES256",
            "source": "../frontend/public/component---src-pages-index-js-624aaa1efe3238abe3ba.js",
            "source_hash": null,
            "storage_class": "STANDARD",
            "tags": {},
            "tags_all": {},
            "version_id": "",
            "website_redirect": ""
          },
          "sensitive_attributes": [],
          "private": "bnVsbA==",
          "dependencies": [
            "aws_s3_bucket.frontend"
          ]
        },
        {
          "index_key": "component---src-pages-index-js-624aaa1efe3238abe3ba.js.map",
          "schema_version": 0,
          "attributes": {
            "acl": "private",
            "bucket": "terraform-20240114022308174100000002",
            "bucket_key_enabled": false,
            "cache_control": "",
            "content": null,
            "content_base64": null,
            "content_disposition": "",
            "content_encoding": "",
            "content_language": "",
            "content_type": "application/octet-stream",
            "etag": "e9de8de08e5cf6fe6ccda0e0fe40eaa4",
            "force_destroy": false,
            "id": "component---src-pages-index-js-624aaa1efe3238abe3ba.js.map",
            "key": "component---src-pages-index-js-624aaa1efe3238abe3ba.js.map",
            "kms_key_id": null,
            "metadata": {},
            "object_lock_legal_hold_status": "",
            "object_lock_mode": "",
            "object_lock_retain_until_date": "",
            "server_side_encryption": "AES256",
            "source": "../frontend/public/component---src-pages-index-js-624aaa1efe3238abe3ba.js.map",
            "source_hash": null,
            "storage_class": "STANDARD",
            "tags": {},
            "tags_all": {},
            "version_id": "",
            "website_redirect": ""
          },
          "sensitive_attributes": [],
          "private": "bnVsbA==",
          "dependencies": [
            "aws_s3_bucket.frontend"
          ]
        },
        {
          "index_key": "component---src-pages-projects-js-6b40bf4bde459d332dda.js",
          "schema_version": 0,
          "attributes": {
            "acl": "private",
            "bucket": "terraform-20240114022308174100000002",
            "bucket_key_enabled": false,
            "cache_control": "",
            "content": null,
            "content_base64": null,
            "content_disposition": "",
            "content_encoding": "",
            "content_language": "",
            "content_type": "application/javascript",
            "etag": "ba5dc7417b0e494f4e1ce46ac848ae06",
            "force_destroy": false,
            "id": "component---src-pages-projects-js-6b40bf4bde459d332dda.js",
            "key": "component---src-pages-projects-js-6b40bf4bde459d332dda.js",
            "kms_key_id": null,
            "metadata": {},
            "object_lock_legal_hold_status": "",
            "object_lock_mode": "",
            "object_lock_retain_until_date": "",
            "server_side_encryption": "AES256",
            "source": "../frontend/public/component---src-pages-projects-js-6b40bf4bde459d332dda.js",
            "source_hash": null,
            "storage_class": "STANDARD",
            "tags": {},
            "tags_all": {},
            "version_id": "",
            "website_redirect": ""
          },
          "sensitive_attributes": [],
          "private": "bnVsbA==",
          "dependencies": [
            "aws_s3_bucket.frontend"
          ]
        },
        {
          "index_key": "component---src-pages-projects-js-6b40bf4bde459d332dda.js.map",
          "schema_version": 0,
          "attributes": {
            "acl": "private",
            "bucket": "terraform-20240114022308174100000002",
            "bucket_key_enabled": false,
            "cache_control": "",
            "content": null,
            "content_base64": null,
            "content_disposition": "",
            "content_encoding": "",
            "content_language": "",
            "content_type": "application/octet-stream",
            "etag": "0d1578228fb650eebb548b121f33bf59",
            "force_destroy": false,
            "id": "component---src-pages-projects-js-6b40bf4bde459d332dda.js.map",
            "key": "component---src-pages-projects-js-6b40bf4bde459d332dda.js.map",
            "kms_key_id": null,
            "metadata": {},
            "object_lock_legal_hold_status": "",
            "object_lock_mode": "",
            "object_lock_retain_until_date": "",
            "server_side_encryption": "AES256",
            "source": "../frontend/public/component---src-pages-projects-js-6b40bf4bde459d332dda.js.map",
            "source_hash": null,
            "storage_class": "STANDARD",
            "tags": {},
            "tags_all": {},
            "version_id": "",
            "website_redirect": ""
          },
          "sensitive_attributes": [],
          "private": "bnVsbA==",
          "dependencies": [
            "aws_s3_bucket.frontend"
          ]
        },
        {
          "index_key": "favicon-32x32.png",
          "schema_version": 0,
          "attributes": {
            "acl": "private",
            "bucket": "terraform-20240114022308174100000002",
            "bucket_key_enabled": false,
            "cache_control": "",
            "content": null,
            "content_base64": null,
            "content_disposition": "",
            "content_encoding": "",
            "content_language": "",
            "content_type": "image/png",
            "etag": "46709b82e2acc60487f22f29309066e7",
            "force_destroy": false,
            "id": "favicon-32x32.png",
            "key": "favicon-32x32.png",
            "kms_key_id": null,
            "metadata": {},
            "object_lock_legal_hold_status": "",
            "object_lock_mode": "",
            "object_lock_retain_until_date": "",
            "server_side_encryption": "AES256",
            "source": "../frontend/public/favicon-32x32.png",
            "source_hash": null,
            "storage_class": "STANDARD",
            "tags": {},
            "tags_all": {},
            "version_id": "",
            "website_redirect": ""
          },
          "sensitive_attributes": [],
          "private": "bnVsbA==",
          "dependencies": [
            "aws_s3_bucket.frontend"
          ]
        },
        {
          "index_key": "framework-7fba185ab6dd38e2e7c9.js",
          "schema_version": 0,
          "attributes": {
            "acl": "private",
            "bucket": "terraform-20240114022308174100000002",
            "bucket_key_enabled": false,
            "cache_control": "",
            "content": null,
            "content_base64": null,
            "content_disposition": "",
            "content_encoding": "",
            "content_language": "",
            "content_type": "application/javascript",
            "etag": "7235c607f61f869d32d2310146d7c38b",
            "force_destroy": false,
            "id": "framework-7fba185ab6dd38e2e7c9.js",
            "key": "framework-7fba185ab6dd38e2e7c9.js",
            "kms_key_id": null,
            "metadata": {},
            "object_lock_legal_hold_status": "",
            "object_lock_mode": "",
            "object_lock_retain_until_date": "",
            "server_side_encryption": "AES256",
            "source": "../frontend/public/framework-7fba185ab6dd38e2e7c9.js",
            "source_hash": null,
            "storage_class": "STANDARD",
            "tags": {},
            "tags_all": {},
            "version_id": "",
            "website_redirect": ""
          },
          "sensitive_attributes": [],
          "private": "bnVsbA==",
          "dependencies": [
            "aws_s3_bucket.frontend"
          ]
        },
        {
          "index_key": "framework-7fba185ab6dd38e2e7c9.js.LICENSE.txt",
          "schema_version": 0,
          "attributes": {
            "acl": "private",
            "bucket": "terraform-20240114022308174100000002",
            "bucket_key_enabled": false,
            "cache_control": "",
            "content": null,
            "content_base64": null,
            "content_disposition": "",
            "content_encoding": "",
            "content_language": "",
            "content_type": "text/plain; charset=utf-8",
            "etag": "b114cc85da504a772f040e3f40f8e46a",
            "force_destroy": false,
            "id": "framework-7fba185ab6dd38e2e7c9.js.LICENSE.txt",
            "key": "framework-7fba185ab6dd38e2e7c9.js.LICENSE.txt",
            "kms_key_id": null,
            "metadata": {},
            "object_lock_legal_hold_status": "",
            "object_lock_mode": "",
            "object_lock_retain_until_date": "",
            "server_side_encryption": "AES256",
            "source": "../frontend/public/framework-7fba185ab6dd38e2e7c9.js.LICENSE.txt",
            "source_hash": null,
            "storage_class": "STANDARD",
            "tags": {},
            "tags_all": {},
            "version_id": "",
            "website_redirect": ""
          },
          "sensitive_attributes": [],
          "private": "bnVsbA==",
          "dependencies": [
            "aws_s3_bucket.frontend"
          ]
        },
        {
          "index_key": "framework-7fba185ab6dd38e2e7c9.js.map",
          "schema_version": 0,
          "attributes": {
            "acl": "private",
            "bucket": "terraform-20240114022308174100000002",
            "bucket_key_enabled": false,
            "cache_control": "",
            "content": null,
            "content_base64": null,
            "content_disposition": "",
            "content_encoding": "",
            "content_language": "",
            "content_type": "application/octet-stream",
            "etag": "9f535f6383b9d51ed6d970a7648d52c6",
            "force_destroy": false,
            "id": "framework-7fba185ab6dd38e2e7c9.js.map",
            "key": "framework-7fba185ab6dd38e2e7c9.js.map",
            "kms_key_id": null,
            "metadata": {},
            "object_lock_legal_hold_status": "",
            "object_lock_mode": "",
            "object_lock_retain_until_date": "",
            "server_side_encryption": "AES256",
            "source": "../frontend/public/framework-7fba185ab6dd38e2e7c9.js.map",
            "source_hash": null,
            "storage_class": "STANDARD",
            "tags": {},
            "tags_all": {},
            "version_id": "",
            "website_redirect": ""
          },
          "sensitive_attributes": [],
          "private": "bnVsbA==",
          "dependencies": [
            "aws_s3_bucket.frontend"
          ]
        },
        {
          "index_key": "icons/icon-144x144.png",
          "schema_version": 0,
          "attributes": {
            "acl": "private",
            "bucket": "terraform-20240114022308174100000002",
            "bucket_key_enabled": false,
            "cache_control": "",
            "content": null,
            "content_base64": null,
            "content_disposition": "",
            "content_encoding": "",
            "content_language": "",
            "content_type": "image/png",
            "etag": "84bd0b4be5bd29c511c5a7d729c33070",
            "force_destroy": false,
            "id": "icons/icon-144x144.png",
            "key": "icons/icon-144x144.png",
            "kms_key_id": null,
            "metadata": {},
            "object_lock_legal_hold_status": "",
            "object_lock_mode": "",
            "object_lock_retain_until_date": "",
            "server_side_encryption": "AES256",
            "source": "../frontend/public/icons/icon-144x144.png",
            "source_hash": null,
            "storage_class": "STANDARD",
            "tags": {},
            "tags_all": {},
            "version_id": "",
            "website_redirect": ""
          },
          "sensitive_attributes": [],
          "private": "bnVsbA==",
          "dependencies": [
            "aws_s3_bucket.frontend"
          ]
        },
        {
          "index_key": "icons/icon-192x192.png",
          "schema_version": 0,
          "attributes": {
            "acl": "private",
            "bucket": "terraform-20240114022308174100000002",
            "bucket_key_enabled": false,
            "cache_control": "",
            "content": null,
            "content_base64": null,
            "content_disposition": "",
            "content_encoding": "",
            "content_language": "",
            "content_type": "image/png",
            "etag": "723e6796376db69fe51af68baad874f8",
            "force_destroy": false,
            "id": "icons/icon-192x192.png",
            "key": "icons/icon-192x192.png",
            "kms_key_id": null,
            "metadata": {},
            "object_lock_legal_hold_status": "",
            "object_lock_mode": "",
            "object_lock_retain_until_date": "",
            "server_side_encryption": "AES256",
            "source": "../frontend/public/icons/icon-192x192.png",
            "source_hash": null,
            "storage_class": "STANDARD",
            "tags": {},
            "tags_all": {},
            "version_id": "",
            "website_redirect": ""
          },
          "sensitive_attributes": [],
          "private": "bnVsbA==",
          "dependencies": [
            "aws_s3_bucket.frontend"
          ]
        },
        {
          "index_key": "icons/icon-256x256.png",
          "schema_version": 0,
          "attributes": {
            "acl": "private",
            "bucket": "terraform-20240114022308174100000002",
            "bucket_key_enabled": false,
            "cache_control": "",
            "content": null,
            "content_base64": null,
            "content_disposition": "",
            "content_encoding": "",
            "content_language": "",
            "content_type": "image/png",
            "etag": "95532978a17eca9c0bc399602c6b6f97",
            "force_destroy": false,
            "id": "icons/icon-256x256.png",
            "key": "icons/icon-256x256.png",
            "kms_key_id": null,
            "metadata": {},
            "object_lock_legal_hold_status": "",
            "object_lock_mode": "",
            "object_lock_retain_until_date": "",
            "server_side_encryption": "AES256",
            "source": "../frontend/public/icons/icon-256x256.png",
            "source_hash": null,
            "storage_class": "STANDARD",
            "tags": {},
            "tags_all": {},
            "version_id": "",
            "website_redirect": ""
          },
          "sensitive_attributes": [],
          "private": "bnVsbA==",
          "dependencies": [
            "aws_s3_bucket.frontend"
          ]
        },
        {
          "index_key": "icons/icon-384x384.png",
          "schema_version": 0,
          "attributes": {
            "acl": "private",
            "bucket": "terraform-20240114022308174100000002",
            "bucket_key_enabled": false,
            "cache_control": "",
            "content": null,
            "content_base64": null,
            "content_disposition": "",
            "content_encoding": "",
            "content_language": "",
            "content_type": "image/png",
            "etag": "bf4574af466bd4dd8392831ed054a87e",
            "force_destroy": false,
            "id": "icons/icon-384x384.png",
            "key": "icons/icon-384x384.png",
            "kms_key_id": null,
            "metadata": {},
            "object_lock_legal_hold_status": "",
            "object_lock_mode": "",
            "object_lock_retain_until_date": "",
            "server_side_encryption": "AES256",
            "source": "../frontend/public/icons/icon-384x384.png",
            "source_hash": null,
            "storage_class": "STANDARD",
            "tags": {},
            "tags_all": {},
            "version_id": "",
            "website_redirect": ""
          },
          "sensitive_attributes": [],
          "private": "bnVsbA==",
          "dependencies": [
            "aws_s3_bucket.frontend"
          ]
        },
        {
          "index_key": "icons/icon-48x48.png",
          "schema_version": 0,
          "attributes": {
            "acl": "private",
            "bucket": "terraform-20240114022308174100000002",
            "bucket_key_enabled": false,
            "cache_control": "",
            "content": null,
            "content_base64": null,
            "content_disposition": "",
            "content_encoding": "",
            "content_language": "",
            "content_type": "image/png",
            "etag": "2f1788f524e190d21ca526ba2a932110",
            "force_destroy": false,
            "id": "icons/icon-48x48.png",
            "key": "icons/icon-48x48.png",
            "kms_key_id": null,
            "metadata": {},
            "object_lock_legal_hold_status": "",
            "object_lock_mode": "",
            "object_lock_retain_until_date": "",
            "server_side_encryption": "AES256",
            "source": "../frontend/public/icons/icon-48x48.png",
            "source_hash": null,
            "storage_class": "STANDARD",
            "tags": {},
            "tags_all": {},
            "version_id": "",
            "website_redirect": ""
          },
          "sensitive_attributes": [],
          "private": "bnVsbA==",
          "dependencies": [
            "aws_s3_bucket.frontend"
          ]
        },
        {
          "index_key": "icons/icon-512x512.png",
          "schema_version": 0,
          "attributes": {
            "acl": "private",
            "bucket": "terraform-20240114022308174100000002",
            "bucket_key_enabled": false,
            "cache_control": "",
            "content": null,
            "content_base64": null,
            "content_disposition": "",
            "content_encoding": "",
            "content_language": "",
            "content_type": "image/png",
            "etag": "d887192a7ac748542a051c508cf8d691",
            "force_destroy": false,
            "id": "icons/icon-512x512.png",
            "key": "icons/icon-512x512.png",
            "kms_key_id": null,
            "metadata": {},
            "object_lock_legal_hold_status": "",
            "object_lock_mode": "",
            "object_lock_retain_until_date": "",
            "server_side_encryption": "AES256",
            "source": "../frontend/public/icons/icon-512x512.png",
            "source_hash": null,
            "storage_class": "STANDARD",
            "tags": {},
            "tags_all": {},
            "version_id": "",
            "website_redirect": ""
          },
          "sensitive_attributes": [],
          "private": "bnVsbA==",
          "dependencies": [
            "aws_s3_bucket.frontend"
          ]
        },
        {
          "index_key": "icons/icon-72x72.png",
          "schema_version": 0,
          "attributes": {
            "acl": "private",
            "bucket": "terraform-20240114022308174100000002",
            "bucket_key_enabled": false,
            "cache_control": "",
            "content": null,
            "content_base64": null,
            "content_disposition": "",
            "content_encoding": "",
            "content_language": "",
            "content_type": "image/png",
            "etag": "429cdcb628e69470026072d4c3a82f3a",
            "force_destroy": false,
            "id": "icons/icon-72x72.png",
            "key": "icons/icon-72x72.png",
            "kms_key_id": null,
            "metadata": {},
            "object_lock_legal_hold_status": "",
            "object_lock_mode": "",
            "object_lock_retain_until_date": "",
            "server_side_encryption": "AES256",
            "source": "../frontend/public/icons/icon-72x72.png",
            "source_hash": null,
            "storage_class": "STANDARD",
            "tags": {},
            "tags_all": {},
            "version_id": "",
            "website_redirect": ""
          },
          "sensitive_attributes": [],
          "private": "bnVsbA==",
          "dependencies": [
            "aws_s3_bucket.frontend"
          ]
        },
        {
          "index_key": "icons/icon-96x96.png",
          "schema_version": 0,
          "attributes": {
            "acl": "private",
            "bucket": "terraform-20240114022308174100000002",
            "bucket_key_enabled": false,
            "cache_control": "",
            "content": null,
            "content_base64": null,
            "content_disposition": "",
            "content_encoding": "",
            "content_language": "",
            "content_type": "image/png",
            "etag": "63975fe4fca844dd04e5ab5abe1ff1c9",
            "force_destroy": false,
            "id": "icons/icon-96x96.png",
            "key": "icons/icon-96x96.png",
            "kms_key_id": null,
            "metadata": {},
            "object_lock_legal_hold_status": "",
            "object_lock_mode": "",
            "object_lock_retain_until_date": "",
            "server_side_encryption": "AES256",
            "source": "../frontend/public/icons/icon-96x96.png",
            "source_hash": null,
            "storage_class": "STANDARD",
            "tags": {},
            "tags_all": {},
            "version_id": "",
            "website_redirect": ""
          },
          "sensitive_attributes": [],
          "private": "bnVsbA==",
          "dependencies": [
            "aws_s3_bucket.frontend"
          ]
        },
        {
          "index_key": "index.html",
          "schema_version": 0,
          "attributes": {
            "acl": "private",
            "bucket": "terraform-20240114022308174100000002",
            "bucket_key_enabled": false,
            "cache_control": "",
            "content": null,
            "content_base64": null,
            "content_disposition": "",
            "content_encoding": "",
            "content_language": "",
            "content_type": "text/html; charset=utf-8",
            "etag": "9a09c1a05f94437f839a76fedbb80def",
            "force_destroy": false,
            "id": "index.html",
            "key": "index.html",
            "kms_key_id": null,
            "metadata": {},
            "object_lock_legal_hold_status": "",
            "object_lock_mode": "",
            "object_lock_retain_until_date": "",
            "server_side_encryption": "AES256",
            "source": "../frontend/public/index.html",
            "source_hash": null,
            "storage_class": "STANDARD",
            "tags": {},
            "tags_all": {},
            "version_id": "",
            "website_redirect": ""
          },
          "sensitive_attributes": [],
          "private": "bnVsbA==",
          "dependencies": [
            "aws_s3_bucket.frontend"
          ]
        },
        {
          "index_key": "manifest.webmanifest",
          "schema_version": 0,
          "attributes": {
            "acl": "private",
            "bucket": "terraform-20240114022308174100000002",
            "bucket_key_enabled": false,
            "cache_control": "",
            "content": null,
            "content_base64": null,
            "content_disposition": "",
            "content_encoding": "",
            "content_language": "",
            "content_type": "application/octet-stream",
            "etag": "dc3b0c47b1810c1c1ba6c5a276180c2a",
            "force_destroy": false,
            "id": "manifest.webmanifest",
            "key": "manifest.webmanifest",
            "kms_key_id": null,
            "metadata": {},
            "object_lock_legal_hold_status": "",
            "object_lock_mode": "",
            "object_lock_retain_until_date": "",
            "server_side_encryption": "AES256",
            "source": "../frontend/public/manifest.webmanifest",
            "source_hash": null,
            "storage_class": "STANDARD",
            "tags": {},
            "tags_all": {},
            "version_id": "",
            "website_redirect": ""
          },
          "sensitive_attributes": [],
          "private": "bnVsbA==",
          "dependencies": [
            "aws_s3_bucket.frontend"
          ]
        },
        {
          "index_key": "page-data/404.html/page-data.json",
          "schema_version": 0,
          "attributes": {
            "acl": "private",
            "bucket": "terraform-20240114022308174100000002",
            "bucket_key_enabled": false,
            "cache_control": "",
            "content": null,
            "content_base64": null,
            "content_disposition": "",
            "content_encoding": "",
            "content_language": "",
            "content_type": "application/json",
            "etag": "1536129244e7f9ece6d703f391658b6b",
            "force_destroy": false,
            "id": "page-data/404.html/page-data.json",
            "key": "page-data/404.html/page-data.json",
            "kms_key_id": null,
            "metadata": {},
            "object_lock_legal_hold_status": "",
            "object_lock_mode": "",
            "object_lock_retain_until_date": "",
            "server_side_encryption": "AES256",
            "source": "../frontend/public/page-data/404.html/page-data.json",
            "source_hash": null,
            "storage_class": "STANDARD",
            "tags": {},
            "tags_all": {},
            "version_id": "",
            "website_redirect": ""
          },
          "sensitive_attributes": [],
          "private": "bnVsbA==",
          "dependencies": [
            "aws_s3_bucket.frontend"
          ]
        },
        {
          "index_key": "page-data/404/page-data.json",
          "schema_version": 0,
          "attributes": {
            "acl": "private",
            "bucket": "terraform-20240114022308174100000002",
            "bucket_key_enabled": false,
            "cache_control": "",
            "content": null,
            "content_base64": null,
            "content_disposition": "",
            "content_encoding": "",
            "content_language": "",
            "content_type": "application/json",
            "etag": "2ef327c46e0db14abb70120926cf868e",
            "force_destroy": false,
            "id": "page-data/404/page-data.json",
            "key": "page-data/404/page-data.json",
            "kms_key_id": null,
            "metadata": {},
            "object_lock_legal_hold_status": "",
            "object_lock_mode": "",
            "object_lock_retain_until_date": "",
            "server_side_encryption": "AES256",
            "source": "../frontend/public/page-data/404/page-data.json",
            "source_hash": null,
            "storage_class": "STANDARD",
            "tags": {},
            "tags_all": {},
            "version_id": "",
            "website_redirect": ""
          },
          "sensitive_attributes": [],
          "private": "bnVsbA==",
          "dependencies": [
            "aws_s3_bucket.frontend"
          ]
        },
        {
          "index_key": "page-data/app-data.json",
          "schema_version": 0,
          "attributes": {
            "acl": "private",
            "bucket": "terraform-20240114022308174100000002",
            "bucket_key_enabled": false,
            "cache_control": "",
            "content": null,
            "content_base64": null,
            "content_disposition": "",
            "content_encoding": "",
            "content_language": "",
            "content_type": "application/json",
            "etag": "d0921f9384729422736c7ed8e789861d",
            "force_destroy": false,
            "id": "page-data/app-data.json",
            "key": "page-data/app-data.json",
            "kms_key_id": null,
            "metadata": {},
            "object_lock_legal_hold_status": "",
            "object_lock_mode": "",
            "object_lock_retain_until_date": "",
            "server_side_encryption": "AES256",
            "source": "../frontend/public/page-data/app-data.json",
            "source_hash": null,
            "storage_class": "STANDARD",
            "tags": {},
            "tags_all": {},
            "version_id": "",
            "website_redirect": ""
          },
          "sensitive_attributes": [],
          "private": "bnVsbA==",
          "dependencies": [
            "aws_s3_bucket.frontend"
          ]
        },
        {
          "index_key": "page-data/index/page-data.json",
          "schema_version": 0,
          "attributes": {
            "acl": "private",
            "bucket": "terraform-20240114022308174100000002",
            "bucket_key_enabled": false,
            "cache_control": "",
            "content": null,
            "content_base64": null,
            "content_disposition": "",
            "content_encoding": "",
            "content_language": "",
            "content_type": "application/json",
            "etag": "9c8b634fac10aa222f791bc6b01794b7",
            "force_destroy": false,
            "id": "page-data/index/page-data.json",
            "key": "page-data/index/page-data.json",
            "kms_key_id": null,
            "metadata": {},
            "object_lock_legal_hold_status": "",
            "object_lock_mode": "",
            "object_lock_retain_until_date": "",
            "server_side_encryption": "AES256",
            "source": "../frontend/public/page-data/index/page-data.json",
            "source_hash": null,
            "storage_class": "STANDARD",
            "tags": {},
            "tags_all": {},
            "version_id": "",
            "website_redirect": ""
          },
          "sensitive_attributes": [],
          "private": "bnVsbA==",
          "dependencies": [
            "aws_s3_bucket.frontend"
          ]
        },
        {
          "index_key": "page-data/projects/page-data.json",
          "schema_version": 0,
          "attributes": {
            "acl": "private",
            "bucket": "terraform-20240114022308174100000002",
            "bucket_key_enabled": false,
            "cache_control": "",
            "content": null,
            "content_base64": null,
            "content_disposition": "",
            "content_encoding": "",
            "content_language": "",
            "content_type": "application/json",
            "etag": "15c1816dd34dbb56c1b70bd538e97878",
            "force_destroy": false,
            "id": "page-data/projects/page-data.json",
            "key": "page-data/projects/page-data.json",
            "kms_key_id": null,
            "metadata": {},
            "object_lock_legal_hold_status": "",
            "object_lock_mode": "",
            "object_lock_retain_until_date": "",
            "server_side_encryption": "AES256",
            "source": "../frontend/public/page-data/projects/page-data.json",
            "source_hash": null,
            "storage_class": "STANDARD",
            "tags": {},
            "tags_all": {},
            "version_id": "",
            "website_redirect": ""
          },
          "sensitive_attributes": [],
          "private": "bnVsbA==",
          "dependencies": [
            "aws_s3_bucket.frontend"
          ]
        },
        {
          "index_key": "page-data/sq/d/3649515864.json",
          "schema_version": 0,
          "attributes": {
            "acl": "private",
            "bucket": "terraform-20240114022308174100000002",
            "bucket_key_enabled": false,
            "cache_control": "",
            "content": null,
            "content_base64": null,
            "content_disposition": "",
            "content_encoding": "",
            "content_language": "",
            "content_type": "application/json",
            "etag": "c052ff3f1ddd3e8434763787ef936e57",
            "force_destroy": false,
            "id": "page-data/sq/d/3649515864.json",
            "key": "page-data/sq/d/3649515864.json",
            "kms_key_id": null,
            "metadata": {},
            "object_lock_legal_hold_status": "",
            "object_lock_mode": "",
            "object_lock_retain_until_date": "",
            "server_side_encryption": "AES256",
            "source": "../frontend/public/page-data/sq/d/3649515864.json",
            "source_hash": null,
            "storage_class": "STANDARD",
            "tags": {},
            "tags_all": {},
            "version_id": "",
            "website_redirect": ""
          },
          "sensitive_attributes": [],
          "private": "bnVsbA==",
          "dependencies": [
            "aws_s3_bucket.frontend"
          ]
        },
        {
          "index_key": "page-data/sq/d/63159454.json",
          "schema_version": 0,
          "attributes": {
            "acl": "private",
            "bucket": "terraform-20240114022308174100000002",
            "bucket_key_enabled": false,
            "cache_control": "",
            "content": null,
            "content_base64": null,
            "content_disposition": "",
            "content_encoding": "",
            "content_language": "",
            "content_type": "application/json",
            "etag": "38aa315613477bb921d7b63ae52caed7",
            "force_destroy": false,
            "id": "page-data/sq/d/63159454.json",
            "key": "page-data/sq/d/63159454.json",
            "kms_key_id": null,
            "metadata": {},
            "object_lock_legal_hold_status": "",
            "object_lock_mode": "",
            "object_lock_retain_until_date": "",
            "server_side_encryption": "AES256",
            "source": "../frontend/public/page-data/sq/d/63159454.json",
            "source_hash": null,
            "storage_class": "STANDARD",
            "tags": {},
            "tags_all": {},
            "version_id": "",
            "website_redirect": ""
          },
          "sensitive_attributes": [],
          "private": "bnVsbA==",
          "dependencies": [
            "aws_s3_bucket.frontend"
          ]
        },
        {
          "index_key": "projects/index.html",
          "schema_version": 0,
          "attributes": {
            "acl": "private",
            "bucket": "terraform-20240114022308174100000002",
            "bucket_key_enabled": false,
            "cache_control": "",
            "content": null,
            "content_base64": null,
            "content_disposition": "",
            "content_encoding": "",
            "content_language": "",
            "content_type": "text/html; charset=utf-8",
            "etag": "c64522383c58a2c9446f401864e9e0b5",
            "force_destroy": false,
            "id": "projects/index.html",
            "key": "projects/index.html",
            "kms_key_id": null,
            "metadata": {},
            "object_lock_legal_hold_status": "",
            "object_lock_mode": "",
            "object_lock_retain_until_date": "",
            "server_side_encryption": "AES256",
            "source": "../frontend/public/projects/index.html",
            "source_hash": null,
            "storage_class": "STANDARD",
            "tags": {},
            "tags_all": {},
            "version_id": "",
            "website_redirect": ""
          },
          "sensitive_attributes": [],
          "private": "bnVsbA==",
          "dependencies": [
            "aws_s3_bucket.frontend"
          ]
        },
        {
          "index_key": "static/705185e5354a42a4570368356f29b7e5/dfaf6/example.avif",
          "schema_version": 0,
          "attributes": {
            "acl": "private",
            "bucket": "terraform-20240114022308174100000002",
            "bucket_key_enabled": false,
            "cache_control": "",
            "content": null,
            "content_base64": null,
            "content_disposition": "",
            "content_encoding": "",
            "content_language": "",
            "content_type": "application/octet-stream",
            "etag": "8e7836068389928aa464c320d893052b",
            "force_destroy": false,
            "id": "static/705185e5354a42a4570368356f29b7e5/dfaf6/example.avif",
            "key": "static/705185e5354a42a4570368356f29b7e5/dfaf6/example.avif",
            "kms_key_id": null,
            "metadata": {},
            "object_lock_legal_hold_status": "",
            "object_lock_mode": "",
            "object_lock_retain_until_date": "",
            "server_side_encryption": "AES256",
            "source": "../frontend/public/static/705185e5354a42a4570368356f29b7e5/dfaf6/example.avif",
            "source_hash": null,
            "storage_class": "STANDARD",
            "tags": {},
            "tags_all": {},
            "version_id": "",
            "website_redirect": ""
          },
          "sensitive_attributes": [],
          "private": "bnVsbA==",
          "dependencies": [
            "aws_s3_bucket.frontend"
          ]
        },
        {
          "index_key": "static/awslogo-84d24e4e1708dc95aacf8e2abe1666cd.png",
          "schema_version": 0,
          "attributes": {
            "acl": "private",
            "bucket": "terraform-20240114022308174100000002",
            "bucket_key_enabled": false,
            "cache_control": "",
            "content": null,
            "content_base64": null,
            "content_disposition": "",
            "content_encoding": "",
            "content_language": "",
            "content_type": "image/png",
            "etag": "c7401f520e568a2994f0269e6c537f1d",
            "force_destroy": false,
            "id": "static/awslogo-84d24e4e1708dc95aacf8e2abe1666cd.png",
            "key": "static/awslogo-84d24e4e1708dc95aacf8e2abe1666cd.png",
            "kms_key_id": null,
            "metadata": {},
            "object_lock_legal_hold_status": "",
            "object_lock_mode": "",
            "object_lock_retain_until_date": "",
            "server_side_encryption": "AES256",
            "source": "../frontend/public/static/awslogo-84d24e4e1708dc95aacf8e2abe1666cd.png",
            "source_hash": null,
            "storage_class": "STANDARD",
            "tags": {},
            "tags_all": {},
            "version_id": "",
            "website_redirect": ""
          },
          "sensitive_attributes": [],
          "private": "bnVsbA==",
          "dependencies": [
            "aws_s3_bucket.frontend"
          ]
        },
        {
          "index_key": "static/chart-0e6500d23e2bfdb733f383d65d35021c.png",
          "schema_version": 0,
          "attributes": {
            "acl": "private",
            "bucket": "terraform-20240114022308174100000002",
            "bucket_key_enabled": false,
            "cache_control": "",
            "content": null,
            "content_base64": null,
            "content_disposition": "",
            "content_encoding": "",
            "content_language": "",
            "content_type": "image/png",
            "etag": "04d56b975441e371d1d2c8a9b8fef138",
            "force_destroy": false,
            "id": "static/chart-0e6500d23e2bfdb733f383d65d35021c.png",
            "key": "static/chart-0e6500d23e2bfdb733f383d65d35021c.png",
            "kms_key_id": null,
            "metadata": {},
            "object_lock_legal_hold_status": "",
            "object_lock_mode": "",
            "object_lock_retain_until_date": "",
            "server_side_encryption": "AES256",
            "source": "../frontend/public/static/chart-0e6500d23e2bfdb733f383d65d35021c.png",
            "source_hash": null,
            "storage_class": "STANDARD",
            "tags": {},
            "tags_all": {},
            "version_id": "",
            "website_redirect": ""
          },
          "sensitive_attributes": [],
          "private": "bnVsbA==",
          "dependencies": [
            "aws_s3_bucket.frontend"
          ]
        },
        {
          "index_key": "static/coding-a8d03545a502485636f30760fa7b8b17.jpg",
          "schema_version": 0,
          "attributes": {
            "acl": "private",
            "bucket": "terraform-20240114022308174100000002",
            "bucket_key_enabled": false,
            "cache_control": "",
            "content": null,
            "content_base64": null,
            "content_disposition": "",
            "content_encoding": "",
            "content_language": "",
            "content_type": "image/jpeg",
            "etag": "b125243fd88a6d469aef587581781f31",
            "force_destroy": false,
            "id": "static/coding-a8d03545a502485636f30760fa7b8b17.jpg",
            "key": "static/coding-a8d03545a502485636f30760fa7b8b17.jpg",
            "kms_key_id": null,
            "metadata": {},
            "object_lock_legal_hold_status": "",
            "object_lock_mode": "",
            "object_lock_retain_until_date": "",
            "server_side_encryption": "AES256",
            "source": "../frontend/public/static/coding-a8d03545a502485636f30760fa7b8b17.jpg",
            "source_hash": null,
            "storage_class": "STANDARD",
            "tags": {},
            "tags_all": {},
            "version_id": "",
            "website_redirect": ""
          },
          "sensitive_attributes": [],
          "private": "bnVsbA==",
          "dependencies": [
            "aws_s3_bucket.frontend"
          ]
        },
        {
          "index_key": "static/forexsnip-816b6afbb9780c4b919c51499600a9af.png",
          "schema_version": 0,
          "attributes": {
            "acl": "private",
            "bucket": "terraform-20240114022308174100000002",
            "bucket_key_enabled": false,
            "cache_control": "",
            "content": null,
            "content_base64": null,
            "content_disposition": "",
            "content_encoding": "",
            "content_language": "",
            "content_type": "image/png",
            "etag": "95a46c21b862717ee88a2881460e44f0",
            "force_destroy": false,
            "id": "static/forexsnip-816b6afbb9780c4b919c51499600a9af.png",
            "key": "static/forexsnip-816b6afbb9780c4b919c51499600a9af.png",
            "kms_key_id": null,
            "metadata": {},
            "object_lock_legal_hold_status": "",
            "object_lock_mode": "",
            "object_lock_retain_until_date": "",
            "server_side_encryption": "AES256",
            "source": "../frontend/public/static/forexsnip-816b6afbb9780c4b919c51499600a9af.png",
            "source_hash": null,
            "storage_class": "STANDARD",
            "tags": {},
            "tags_all": {},
            "version_id": "",
            "website_redirect": ""
          },
          "sensitive_attributes": [],
          "private": "bnVsbA==",
          "dependencies": [
            "aws_s3_bucket.frontend"
          ]
        },
        {
          "index_key": "static/linuxlogo-c8a77f13f075f4150030d6fc64856db3.png",
          "schema_version": 0,
          "attributes": {
            "acl": "private",
            "bucket": "terraform-20240114022308174100000002",
            "bucket_key_enabled": false,
            "cache_control": "",
            "content": null,
            "content_base64": null,
            "content_disposition": "",
            "content_encoding": "",
            "content_language": "",
            "content_type": "image/png",
            "etag": "d89b9570a304b9ce0f24039592be416a",
            "force_destroy": false,
            "id": "static/linuxlogo-c8a77f13f075f4150030d6fc64856db3.png",
            "key": "static/linuxlogo-c8a77f13f075f4150030d6fc64856db3.png",
            "kms_key_id": null,
            "metadata": {},
            "object_lock_legal_hold_status": "",
            "object_lock_mode": "",
            "object_lock_retain_until_date": "",
            "server_side_encryption": "AES256",
            "source": "../frontend/public/static/linuxlogo-c8a77f13f075f4150030d6fc64856db3.png",
            "source_hash": null,
            "storage_class": "STANDARD",
            "tags": {},
            "tags_all": {},
            "version_id": "",
            "website_redirect": ""
          },
          "sensitive_attributes": [],
          "private": "bnVsbA==",
          "dependencies": [
            "aws_s3_bucket.frontend"
          ]
        },
        {
          "index_key": "static/login-a0f3fc3d9dac68d69216c5cf513f26db.png",
          "schema_version": 0,
          "attributes": {
            "acl": "private",
            "bucket": "terraform-20240114022308174100000002",
            "bucket_key_enabled": false,
            "cache_control": "",
            "content": null,
            "content_base64": null,
            "content_disposition": "",
            "content_encoding": "",
            "content_language": "",
            "content_type": "image/png",
            "etag": "4283da72b78323d527cb32a63f453591",
            "force_destroy": false,
            "id": "static/login-a0f3fc3d9dac68d69216c5cf513f26db.png",
            "key": "static/login-a0f3fc3d9dac68d69216c5cf513f26db.png",
            "kms_key_id": null,
            "metadata": {},
            "object_lock_legal_hold_status": "",
            "object_lock_mode": "",
            "object_lock_retain_until_date": "",
            "server_side_encryption": "AES256",
            "source": "../frontend/public/static/login-a0f3fc3d9dac68d69216c5cf513f26db.png",
            "source_hash": null,
            "storage_class": "STANDARD",
            "tags": {},
            "tags_all": {},
            "version_id": "",
            "website_redirect": ""
          },
          "sensitive_attributes": [],
          "private": "bnVsbA==",
          "dependencies": [
            "aws_s3_bucket.frontend"
          ]
        },
        {
          "index_key": "static/materials-6c62a32e4dd8fd45b3b7c39f7dc8e48f.png",
          "schema_version": 0,
          "attributes": {
            "acl": "private",
            "bucket": "terraform-20240114022308174100000002",
            "bucket_key_enabled": false,
            "cache_control": "",
            "content": null,
            "content_base64": null,
            "content_disposition": "",
            "content_encoding": "",
            "content_language": "",
            "content_type": "image/png",
            "etag": "4d7dee91f36f5bbdcf92c32086647fe3",
            "force_destroy": false,
            "id": "static/materials-6c62a32e4dd8fd45b3b7c39f7dc8e48f.png",
            "key": "static/materials-6c62a32e4dd8fd45b3b7c39f7dc8e48f.png",
            "kms_key_id": null,
            "metadata": {},
            "object_lock_legal_hold_status": "",
            "object_lock_mode": "",
            "object_lock_retain_until_date": "",
            "server_side_encryption": "AES256",
            "source": "../frontend/public/static/materials-6c62a32e4dd8fd45b3b7c39f7dc8e48f.png",
            "source_hash": null,
            "storage_class": "STANDARD",
            "tags": {},
            "tags_all": {},
            "version_id": "",
            "website_redirect": ""
          },
          "sensitive_attributes": [],
          "private": "bnVsbA==",
          "dependencies": [
            "aws_s3_bucket.frontend"
          ]
        },
        {
          "index_key": "static/measure-fef4d17fe511c9acf064718cdff2a284.png",
          "schema_version": 0,
          "attributes": {
            "acl": "private",
            "bucket": "terraform-20240114022308174100000002",
            "bucket_key_enabled": false,
            "cache_control": "",
            "content": null,
            "content_base64": null,
            "content_disposition": "",
            "content_encoding": "",
            "content_language": "",
            "content_type": "image/png",
            "etag": "05677c1b998523e67f561456c1451c9d",
            "force_destroy": false,
            "id": "static/measure-fef4d17fe511c9acf064718cdff2a284.png",
            "key": "static/measure-fef4d17fe511c9acf064718cdff2a284.png",
            "kms_key_id": null,
            "metadata": {},
            "object_lock_legal_hold_status": "",
            "object_lock_mode": "",
            "object_lock_retain_until_date": "",
            "server_side_encryption": "AES256",
            "source": "../frontend/public/static/measure-fef4d17fe511c9acf064718cdff2a284.png",
            "source_hash": null,
            "storage_class": "STANDARD",
            "tags": {},
            "tags_all": {},
            "version_id": "",
            "website_redirect": ""
          },
          "sensitive_attributes": [],
          "private": "bnVsbA==",
          "dependencies": [
            "aws_s3_bucket.frontend"
          ]
        },
        {
          "index_key": "static/nodejslogo-fc3bd1ec69d7a50e685add0d7e6bdcd8.png",
          "schema_version": 0,
          "attributes": {
            "acl": "private",
            "bucket": "terraform-20240114022308174100000002",
            "bucket_key_enabled": false,
            "cache_control": "",
            "content": null,
            "content_base64": null,
            "content_disposition": "",
            "content_encoding": "",
            "content_language": "",
            "content_type": "image/png",
            "etag": "d5d078c25e06d9f6187e029b6bf5cba2",
            "force_destroy": false,
            "id": "static/nodejslogo-fc3bd1ec69d7a50e685add0d7e6bdcd8.png",
            "key": "static/nodejslogo-fc3bd1ec69d7a50e685add0d7e6bdcd8.png",
            "kms_key_id": null,
            "metadata": {},
            "object_lock_legal_hold_status": "",
            "object_lock_mode": "",
            "object_lock_retain_until_date": "",
            "server_side_encryption": "AES256",
            "source": "../frontend/public/static/nodejslogo-fc3bd1ec69d7a50e685add0d7e6bdcd8.png",
            "source_hash": null,
            "storage_class": "STANDARD",
            "tags": {},
            "tags_all": {},
            "version_id": "",
            "website_redirect": ""
          },
          "sensitive_attributes": [],
          "private": "bnVsbA==",
          "dependencies": [
            "aws_s3_bucket.frontend"
          ]
        },
        {
          "index_key": "static/pythonlogo-82efb64f8698a267f8bfd3b57ceab88a.png",
          "schema_version": 0,
          "attributes": {
            "acl": "private",
            "bucket": "terraform-20240114022308174100000002",
            "bucket_key_enabled": false,
            "cache_control": "",
            "content": null,
            "content_base64": null,
            "content_disposition": "",
            "content_encoding": "",
            "content_language": "",
            "content_type": "image/png",
            "etag": "d3c746b2baa87534de255e2da8d49620",
            "force_destroy": false,
            "id": "static/pythonlogo-82efb64f8698a267f8bfd3b57ceab88a.png",
            "key": "static/pythonlogo-82efb64f8698a267f8bfd3b57ceab88a.png",
            "kms_key_id": null,
            "metadata": {},
            "object_lock_legal_hold_status": "",
            "object_lock_mode": "",
            "object_lock_retain_until_date": "",
            "server_side_encryption": "AES256",
            "source": "../frontend/public/static/pythonlogo-82efb64f8698a267f8bfd3b57ceab88a.png",
            "source_hash": null,
            "storage_class": "STANDARD",
            "tags": {},
            "tags_all": {},
            "version_id": "",
            "website_redirect": ""
          },
          "sensitive_attributes": [],
          "private": "bnVsbA==",
          "dependencies": [
            "aws_s3_bucket.frontend"
          ]
        },
        {
          "index_key": "static/quote-d1ac7665da14f80d2e75dbc6c3d923bd.png",
          "schema_version": 0,
          "attributes": {
            "acl": "private",
            "bucket": "terraform-20240114022308174100000002",
            "bucket_key_enabled": false,
            "cache_control": "",
            "content": null,
            "content_base64": null,
            "content_disposition": "",
            "content_encoding": "",
            "content_language": "",
            "content_type": "image/png",
            "etag": "83274ed104f964f4975a8f40bc1a7650",
            "force_destroy": false,
            "id": "static/quote-d1ac7665da14f80d2e75dbc6c3d923bd.png",
            "key": "static/quote-d1ac7665da14f80d2e75dbc6c3d923bd.png",
            "kms_key_id": null,
            "metadata": {},
            "object_lock_legal_hold_status": "",
            "object_lock_mode": "",
            "object_lock_retain_until_date": "",
            "server_side_encryption": "AES256",
            "source": "../frontend/public/static/quote-d1ac7665da14f80d2e75dbc6c3d923bd.png",
            "source_hash": null,
            "storage_class": "STANDARD",
            "tags": {},
            "tags_all": {},
            "version_id": "",
            "website_redirect": ""
          },
          "sensitive_attributes": [],
          "private": "bnVsbA==",
          "dependencies": [
            "aws_s3_bucket.frontend"
          ]
        },
        {
          "index_key": "static/reactlogo-8a6fc0a24a800d1e0f4ac95c90a11e98.png",
          "schema_version": 0,
          "attributes": {
            "acl": "private",
            "bucket": "terraform-20240114022308174100000002",
            "bucket_key_enabled": false,
            "cache_control": "",
            "content": null,
            "content_base64": null,
            "content_disposition": "",
            "content_encoding": "",
            "content_language": "",
            "content_type": "image/png",
            "etag": "22808bae77c66bd1b33e298ea2f4320e",
            "force_destroy": false,
            "id": "static/reactlogo-8a6fc0a24a800d1e0f4ac95c90a11e98.png",
            "key": "static/reactlogo-8a6fc0a24a800d1e0f4ac95c90a11e98.png",
            "kms_key_id": null,
            "metadata": {},
            "object_lock_legal_hold_status": "",
            "object_lock_mode": "",
            "object_lock_retain_until_date": "",
            "server_side_encryption": "AES256",
            "source": "../frontend/public/static/reactlogo-8a6fc0a24a800d1e0f4ac95c90a11e98.png",
            "source_hash": null,
            "storage_class": "STANDARD",
            "tags": {},
            "tags_all": {},
            "version_id": "",
            "website_redirect": ""
          },
          "sensitive_attributes": [],
          "private": "bnVsbA==",
          "dependencies": [
            "aws_s3_bucket.frontend"
          ]
        },
        {
          "index_key": "static/whiteboard-34c0ff66a3eb4782dd6ee4fec4604b88.jpg",
          "schema_version": 0,
          "attributes": {
            "acl": "private",
            "bucket": "terraform-20240114022308174100000002",
            "bucket_key_enabled": false,
            "cache_control": "",
            "content": null,
            "content_base64": null,
            "content_disposition": "",
            "content_encoding": "",
            "content_language": "",
            "content_type": "image/jpeg",
            "etag": "3e0eaa78c488397a3480cf2cc9fd42de",
            "force_destroy": false,
            "id": "static/whiteboard-34c0ff66a3eb4782dd6ee4fec4604b88.jpg",
            "key": "static/whiteboard-34c0ff66a3eb4782dd6ee4fec4604b88.jpg",
            "kms_key_id": null,
            "metadata": {},
            "object_lock_legal_hold_status": "",
            "object_lock_mode": "",
            "object_lock_retain_until_date": "",
            "server_side_encryption": "AES256",
            "source": "../frontend/public/static/whiteboard-34c0ff66a3eb4782dd6ee4fec4604b88.jpg",
            "source_hash": null,
            "storage_class": "STANDARD",
            "tags": {},
            "tags_all": {},
            "version_id": "",
            "website_redirect": ""
          },
          "sensitive_attributes": [],
          "private": "bnVsbA==",
          "dependencies": [
            "aws_s3_bucket.frontend"
          ]
        },
        {
          "index_key": "styles.04b30a195fa683ade75d.css",
          "schema_version": 0,
          "attributes": {
            "acl": "private",
            "bucket": "terraform-20240114022308174100000002",
            "bucket_key_enabled": false,
            "cache_control": "",
            "content": null,
            "content_base64": null,
            "content_disposition": "",
            "content_encoding": "",
            "content_language": "",
            "content_type": "text/css; charset=utf-8",
            "etag": "6bc7a8a0fb234ca5fd0d224601a904bf",
            "force_destroy": false,
            "id": "styles.04b30a195fa683ade75d.css",
            "key": "styles.04b30a195fa683ade75d.css",
            "kms_key_id": null,
            "metadata": {},
            "object_lock_legal_hold_status": "",
            "object_lock_mode": "",
            "object_lock_retain_until_date": "",
            "server_side_encryption": "AES256",
            "source": "../frontend/public/styles.04b30a195fa683ade75d.css",
            "source_hash": null,
            "storage_class": "STANDARD",
            "tags": {},
            "tags_all": {},
            "version_id": "",
            "website_redirect": ""
          },
          "sensitive_attributes": [],
          "private": "bnVsbA==",
          "dependencies": [
            "aws_s3_bucket.frontend"
          ]
        },
        {
          "index_key": "webpack-runtime-0024630b0fe98b5e5d31.js",
          "schema_version": 0,
          "attributes": {
            "acl": "private",
            "bucket": "terraform-20240114022308174100000002",
            "bucket_key_enabled": false,
            "cache_control": "",
            "content": null,
            "content_base64": null,
            "content_disposition": "",
            "content_encoding": "",
            "content_language": "",
            "content_type": "application/javascript",
            "etag": "63901b955b8a6b279c4115ffdf1da911",
            "force_destroy": false,
            "id": "webpack-runtime-0024630b0fe98b5e5d31.js",
            "key": "webpack-runtime-0024630b0fe98b5e5d31.js",
            "kms_key_id": null,
            "metadata": {},
            "object_lock_legal_hold_status": "",
            "object_lock_mode": "",
            "object_lock_retain_until_date": "",
            "server_side_encryption": "AES256",
            "source": "../frontend/public/webpack-runtime-0024630b0fe98b5e5d31.js",
            "source_hash": null,
            "storage_class": "STANDARD",
            "tags": {},
            "tags_all": {},
            "version_id": "",
            "website_redirect": ""
          },
          "sensitive_attributes": [],
          "private": "bnVsbA==",
          "dependencies": [
            "aws_s3_bucket.frontend"
          ]
        },
        {
          "index_key": "webpack-runtime-0024630b0fe98b5e5d31.js.map",
          "schema_version": 0,
          "attributes": {
            "acl": "private",
            "bucket": "terraform-20240114022308174100000002",
            "bucket_key_enabled": false,
            "cache_control": "",
            "content": null,
            "content_base64": null,
            "content_disposition": "",
            "content_encoding": "",
            "content_language": "",
            "content_type": "application/octet-stream",
            "etag": "af2fc2697841eb7c7fd8f95757cfdabc",
            "force_destroy": false,
            "id": "webpack-runtime-0024630b0fe98b5e5d31.js.map",
            "key": "webpack-runtime-0024630b0fe98b5e5d31.js.map",
            "kms_key_id": null,
            "metadata": {},
            "object_lock_legal_hold_status": "",
            "object_lock_mode": "",
            "object_lock_retain_until_date": "",
            "server_side_encryption": "AES256",
            "source": "../frontend/public/webpack-runtime-0024630b0fe98b5e5d31.js.map",
            "source_hash": null,
            "storage_class": "STANDARD",
            "tags": {},
            "tags_all": {},
            "version_id": "",
            "website_redirect": ""
          },
          "sensitive_attributes": [],
          "private": "bnVsbA==",
          "dependencies": [
            "aws_s3_bucket.frontend"
          ]
        },
        {
          "index_key": "webpack.stats.json",
          "schema_version": 0,
          "attributes": {
            "acl": "private",
            "bucket": "terraform-20240114022308174100000002",
            "bucket_key_enabled": false,
            "cache_control": "",
            "content": null,
            "content_base64": null,
            "content_disposition": "",
            "content_encoding": "",
            "content_language": "",
            "content_type": "application/json",
            "etag": "9fc52cca28e05417de7ce9f0b08230fa",
            "force_destroy": false,
            "id": "webpack.stats.json",
            "key": "webpack.stats.json",
            "kms_key_id": null,
            "metadata": {},
            "object_lock_legal_hold_status": "",
            "object_lock_mode": "",
            "object_lock_retain_until_date": "",
            "server_side_encryption": "AES256",
            "source": "../frontend/public/webpack.stats.json",
            "source_hash": null,
            "storage_class": "STANDARD",
            "tags": {},
            "tags_all": {},
            "version_id": "",
            "website_redirect": ""
          },
          "sensitive_attributes": [],
          "private": "bnVsbA==",
          "dependencies": [
            "aws_s3_bucket.frontend"
          ]
        },
        {
          "index_key": "~partytown/debug/partytown-atomics.js",
          "schema_version": 0,
          "attributes": {
            "acl": "private",
            "bucket": "terraform-20240114022308174100000002",
            "bucket_key_enabled": false,
            "cache_control": "",
            "content": null,
            "content_base64": null,
            "content_disposition": "",
            "content_encoding": "",
            "content_language": "",
            "content_type": "application/javascript",
            "etag": "142f344daed7858deb595a2b40a8a872",
            "force_destroy": false,
            "id": "~partytown/debug/partytown-atomics.js",
            "key": "~partytown/debug/partytown-atomics.js",
            "kms_key_id": null,
            "metadata": {},
            "object_lock_legal_hold_status": "",
            "object_lock_mode": "",
            "object_lock_retain_until_date": "",
            "server_side_encryption": "AES256",
            "source": "../frontend/public/~partytown/debug/partytown-atomics.js",
            "source_hash": null,
            "storage_class": "STANDARD",
            "tags": {},
            "tags_all": {},
            "version_id": "",
            "website_redirect": ""
          },
          "sensitive_attributes": [],
          "private": "bnVsbA==",
          "dependencies": [
            "aws_s3_bucket.frontend"
          ]
        },
        {
          "index_key": "~partytown/debug/partytown-media.js",
          "schema_version": 0,
          "attributes": {
            "acl": "private",
            "bucket": "terraform-20240114022308174100000002",
            "bucket_key_enabled": false,
            "cache_control": "",
            "content": null,
            "content_base64": null,
            "content_disposition": "",
            "content_encoding": "",
            "content_language": "",
            "content_type": "application/javascript",
            "etag": "752fa87960a858e46a4ecef7051b6d76",
            "force_destroy": false,
            "id": "~partytown/debug/partytown-media.js",
            "key": "~partytown/debug/partytown-media.js",
            "kms_key_id": null,
            "metadata": {},
            "object_lock_legal_hold_status": "",
            "object_lock_mode": "",
            "object_lock_retain_until_date": "",
            "server_side_encryption": "AES256",
            "source": "../frontend/public/~partytown/debug/partytown-media.js",
            "source_hash": null,
            "storage_class": "STANDARD",
            "tags": {},
            "tags_all": {},
            "version_id": "",
            "website_redirect": ""
          },
          "sensitive_attributes": [],
          "private": "bnVsbA==",
          "dependencies": [
            "aws_s3_bucket.frontend"
          ]
        },
        {
          "index_key": "~partytown/debug/partytown-sandbox-sw.js",
          "schema_version": 0,
          "attributes": {
            "acl": "private",
            "bucket": "terraform-20240114022308174100000002",
            "bucket_key_enabled": false,
            "cache_control": "",
            "content": null,
            "content_base64": null,
            "content_disposition": "",
            "content_encoding": "",
            "content_language": "",
            "content_type": "application/javascript",
            "etag": "0c9c6c6b983e68ad244da8f2f10d5575",
            "force_destroy": false,
            "id": "~partytown/debug/partytown-sandbox-sw.js",
            "key": "~partytown/debug/partytown-sandbox-sw.js",
            "kms_key_id": null,
            "metadata": {},
            "object_lock_legal_hold_status": "",
            "object_lock_mode": "",
            "object_lock_retain_until_date": "",
            "server_side_encryption": "AES256",
            "source": "../frontend/public/~partytown/debug/partytown-sandbox-sw.js",
            "source_hash": null,
            "storage_class": "STANDARD",
            "tags": {},
            "tags_all": {},
            "version_id": "",
            "website_redirect": ""
          },
          "sensitive_attributes": [],
          "private": "bnVsbA==",
          "dependencies": [
            "aws_s3_bucket.frontend"
          ]
        },
        {
          "index_key": "~partytown/debug/partytown-sw.js",
          "schema_version": 0,
          "attributes": {
            "acl": "private",
            "bucket": "terraform-20240114022308174100000002",
            "bucket_key_enabled": false,
            "cache_control": "",
            "content": null,
            "content_base64": null,
            "content_disposition": "",
            "content_encoding": "",
            "content_language": "",
            "content_type": "application/javascript",
            "etag": "12f2b2ff10b9e0bf96886bcccf6eab81",
            "force_destroy": false,
            "id": "~partytown/debug/partytown-sw.js",
            "key": "~partytown/debug/partytown-sw.js",
            "kms_key_id": null,
            "metadata": {},
            "object_lock_legal_hold_status": "",
            "object_lock_mode": "",
            "object_lock_retain_until_date": "",
            "server_side_encryption": "AES256",
            "source": "../frontend/public/~partytown/debug/partytown-sw.js",
            "source_hash": null,
            "storage_class": "STANDARD",
            "tags": {},
            "tags_all": {},
            "version_id": "",
            "website_redirect": ""
          },
          "sensitive_attributes": [],
          "private": "bnVsbA==",
          "dependencies": [
            "aws_s3_bucket.frontend"
          ]
        },
        {
          "index_key": "~partytown/debug/partytown-ww-atomics.js",
          "schema_version": 0,
          "attributes": {
            "acl": "private",
            "bucket": "terraform-20240114022308174100000002",
            "bucket_key_enabled": false,
            "cache_control": "",
            "content": null,
            "content_base64": null,
            "content_disposition": "",
            "content_encoding": "",
            "content_language": "",
            "content_type": "application/javascript",
            "etag": "472fd0247eae7c6caa0fc5e490ae6b96",
            "force_destroy": false,
            "id": "~partytown/debug/partytown-ww-atomics.js",
            "key": "~partytown/debug/partytown-ww-atomics.js",
            "kms_key_id": null,
            "metadata": {},
            "object_lock_legal_hold_status": "",
            "object_lock_mode": "",
            "object_lock_retain_until_date": "",
            "server_side_encryption": "AES256",
            "source": "../frontend/public/~partytown/debug/partytown-ww-atomics.js",
            "source_hash": null,
            "storage_class": "STANDARD",
            "tags": {},
            "tags_all": {},
            "version_id": "",
            "website_redirect": ""
          },
          "sensitive_attributes": [],
          "private": "bnVsbA==",
          "dependencies": [
            "aws_s3_bucket.frontend"
          ]
        },
        {
          "index_key": "~partytown/debug/partytown-ww-sw.js",
          "schema_version": 0,
          "attributes": {
            "acl": "private",
            "bucket": "terraform-20240114022308174100000002",
            "bucket_key_enabled": false,
            "cache_control": "",
            "content": null,
            "content_base64": null,
            "content_disposition": "",
            "content_encoding": "",
            "content_language": "",
            "content_type": "application/javascript",
            "etag": "90fb139ae270f951bda21e9ebbd1eabb",
            "force_destroy": false,
            "id": "~partytown/debug/partytown-ww-sw.js",
            "key": "~partytown/debug/partytown-ww-sw.js",
            "kms_key_id": null,
            "metadata": {},
            "object_lock_legal_hold_status": "",
            "object_lock_mode": "",
            "object_lock_retain_until_date": "",
            "server_side_encryption": "AES256",
            "source": "../frontend/public/~partytown/debug/partytown-ww-sw.js",
            "source_hash": null,
            "storage_class": "STANDARD",
            "tags": {},
            "tags_all": {},
            "version_id": "",
            "website_redirect": ""
          },
          "sensitive_attributes": [],
          "private": "bnVsbA==",
          "dependencies": [
            "aws_s3_bucket.frontend"
          ]
        },
        {
          "index_key": "~partytown/debug/partytown.js",
          "schema_version": 0,
          "attributes": {
            "acl": "private",
            "bucket": "terraform-20240114022308174100000002",
            "bucket_key_enabled": false,
            "cache_control": "",
            "content": null,
            "content_base64": null,
            "content_disposition": "",
            "content_encoding": "",
            "content_language": "",
            "content_type": "application/javascript",
            "etag": "086f6067f70b218cad1d5a2c7571e50c",
            "force_destroy": false,
            "id": "~partytown/debug/partytown.js",
            "key": "~partytown/debug/partytown.js",
            "kms_key_id": null,
            "metadata": {},
            "object_lock_legal_hold_status": "",
            "object_lock_mode": "",
            "object_lock_retain_until_date": "",
            "server_side_encryption": "AES256",
            "source": "../frontend/public/~partytown/debug/partytown.js",
            "source_hash": null,
            "storage_class": "STANDARD",
            "tags": {},
            "tags_all": {},
            "version_id": "",
            "website_redirect": ""
          },
          "sensitive_attributes": [],
          "private": "bnVsbA==",
          "dependencies": [
            "aws_s3_bucket.frontend"
          ]
        },
        {
          "index_key": "~partytown/partytown-atomics.js",
          "schema_version": 0,
          "attributes": {
            "acl": "private",
            "bucket": "terraform-20240114022308174100000002",
            "bucket_key_enabled": false,
            "cache_control": "",
            "content": null,
            "content_base64": null,
            "content_disposition": "",
            "content_encoding": "",
            "content_language": "",
            "content_type": "application/javascript",
            "etag": "e8c951cdd88015c478b50a83218159a9",
            "force_destroy": false,
            "id": "~partytown/partytown-atomics.js",
            "key": "~partytown/partytown-atomics.js",
            "kms_key_id": null,
            "metadata": {},
            "object_lock_legal_hold_status": "",
            "object_lock_mode": "",
            "object_lock_retain_until_date": "",
            "server_side_encryption": "AES256",
            "source": "../frontend/public/~partytown/partytown-atomics.js",
            "source_hash": null,
            "storage_class": "STANDARD",
            "tags": {},
            "tags_all": {},
            "version_id": "",
            "website_redirect": ""
          },
          "sensitive_attributes": [],
          "private": "bnVsbA==",
          "dependencies": [
            "aws_s3_bucket.frontend"
          ]
        },
        {
          "index_key": "~partytown/partytown-media.js",
          "schema_version": 0,
          "attributes": {
            "acl": "private",
            "bucket": "terraform-20240114022308174100000002",
            "bucket_key_enabled": false,
            "cache_control": "",
            "content": null,
            "content_base64": null,
            "content_disposition": "",
            "content_encoding": "",
            "content_language": "",
            "content_type": "application/javascript",
            "etag": "d3e2dae8c209958c93505d04deff2c43",
            "force_destroy": false,
            "id": "~partytown/partytown-media.js",
            "key": "~partytown/partytown-media.js",
            "kms_key_id": null,
            "metadata": {},
            "object_lock_legal_hold_status": "",
            "object_lock_mode": "",
            "object_lock_retain_until_date": "",
            "server_side_encryption": "AES256",
            "source": "../frontend/public/~partytown/partytown-media.js",
            "source_hash": null,
            "storage_class": "STANDARD",
            "tags": {},
            "tags_all": {},
            "version_id": "",
            "website_redirect": ""
          },
          "sensitive_attributes": [],
          "private": "bnVsbA==",
          "dependencies": [
            "aws_s3_bucket.frontend"
          ]
        },
        {
          "index_key": "~partytown/partytown-sw.js",
          "schema_version": 0,
          "attributes": {
            "acl": "private",
            "bucket": "terraform-20240114022308174100000002",
            "bucket_key_enabled": false,
            "cache_control": "",
            "content": null,
            "content_base64": null,
            "content_disposition": "",
            "content_encoding": "",
            "content_language": "",
            "content_type": "application/javascript",
            "etag": "bbe370c932d392fcff9a89b753c1860a",
            "force_destroy": false,
            "id": "~partytown/partytown-sw.js",
            "key": "~partytown/partytown-sw.js",
            "kms_key_id": null,
            "metadata": {},
            "object_lock_legal_hold_status": "",
            "object_lock_mode": "",
            "object_lock_retain_until_date": "",
            "server_side_encryption": "AES256",
            "source": "../frontend/public/~partytown/partytown-sw.js",
            "source_hash": null,
            "storage_class": "STANDARD",
            "tags": {},
            "tags_all": {},
            "version_id": "",
            "website_redirect": ""
          },
          "sensitive_attributes": [],
          "private": "bnVsbA==",
          "dependencies": [
            "aws_s3_bucket.frontend"
          ]
        },
        {
          "index_key": "~partytown/partytown.js",
          "schema_version": 0,
          "attributes": {
            "acl": "private",
            "bucket": "terraform-20240114022308174100000002",
            "bucket_key_enabled": false,
            "cache_control": "",
            "content": null,
            "content_base64": null,
            "content_disposition": "",
            "content_encoding": "",
            "content_language": "",
            "content_type": "application/javascript",
            "etag": "32b07978b47eaed0fa934faff7191de9",
            "force_destroy": false,
            "id": "~partytown/partytown.js",
            "key": "~partytown/partytown.js",
            "kms_key_id": null,
            "metadata": {},
            "object_lock_legal_hold_status": "",
            "object_lock_mode": "",
            "object_lock_retain_until_date": "",
            "server_side_encryption": "AES256",
            "source": "../frontend/public/~partytown/partytown.js",
            "source_hash": null,
            "storage_class": "STANDARD",
            "tags": {},
            "tags_all": {},
            "version_id": "",
            "website_redirect": ""
          },
          "sensitive_attributes": [],
          "private": "bnVsbA==",
          "dependencies": [
            "aws_s3_bucket.frontend"
          ]
        }
      ]
    },
    {
      "mode": "managed",
      "type": "aws_s3_bucket_ownership_controls",
      "name": "frontend",
      "provider": "provider[\"registry.terraform.io/hashicorp/aws\"]",
      "instances": [
        {
          "schema_version": 0,
          "attributes": {
            "bucket": "terraform-20240114022308174100000002",
            "id": "terraform-20240114022308174100000002",
            "rule": [
              {
                "object_ownership": "BucketOwnerPreferred"
              }
            ]
          },
          "sensitive_attributes": [],
          "private": "bnVsbA==",
          "dependencies": [
            "aws_s3_bucket.frontend"
          ]
        }
      ]
    },
    {
      "mode": "managed",
      "type": "aws_s3_bucket_policy",
      "name": "my_bucket_policy",
      "provider": "provider[\"registry.terraform.io/hashicorp/aws\"]",
      "instances": [
        {
          "schema_version": 0,
          "attributes": {
            "bucket": "terraform-20240114022308174100000002",
            "id": "terraform-20240114022308174100000002",
            "policy": "{\"Statement\":[{\"Action\":\"s3:GetObject\",\"Condition\":{\"StringEquals\":{\"AWS:SourceArn\":\"arn:aws:cloudfront::778447891124:distribution/E1RDEAEINUT057\"}},\"Effect\":\"Allow\",\"Principal\":{\"Service\":\"cloudfront.amazonaws.com\"},\"Resource\":[\"arn:aws:s3:::terraform-20240114022308174100000002/*\",\"arn:aws:s3:::terraform-20240114022308174100000002\"],\"Sid\":\"\"}],\"Version\":\"2012-10-17\"}"
          },
          "sensitive_attributes": [],
          "private": "bnVsbA==",
          "dependencies": [
            "aws_acm_certificate.frontend_cert",
            "aws_cloudfront_distribution.s3",
            "aws_cloudfront_origin_access_control.s3",
            "aws_s3_bucket.frontend",
            "data.aws_caller_identity.current",
            "data.aws_iam_policy_document.bucket_policy",
            "data.aws_region.current"
          ]
        }
      ]
    },
    {
      "mode": "managed",
      "type": "aws_s3_bucket_public_access_block",
      "name": "frontend",
      "provider": "provider[\"registry.terraform.io/hashicorp/aws\"]",
      "instances": [
        {
          "schema_version": 0,
          "attributes": {
            "block_public_acls": false,
            "block_public_policy": false,
            "bucket": "terraform-20240114022308174100000002",
            "id": "terraform-20240114022308174100000002",
            "ignore_public_acls": false,
            "restrict_public_buckets": false
          },
          "sensitive_attributes": [],
          "private": "bnVsbA==",
          "dependencies": [
            "aws_s3_bucket.frontend"
          ]
        }
      ]
    },
    {
      "mode": "managed",
      "type": "aws_s3_bucket_website_configuration",
      "name": "frontend",
      "provider": "provider[\"registry.terraform.io/hashicorp/aws\"]",
      "instances": [
        {
          "schema_version": 0,
          "attributes": {
            "bucket": "terraform-20240114022308174100000002",
            "error_document": [
              {
                "key": "404.html"
              }
            ],
            "expected_bucket_owner": "",
            "id": "terraform-20240114022308174100000002",
            "index_document": [
              {
                "suffix": "index.html"
              }
            ],
            "redirect_all_requests_to": [],
            "routing_rule": [],
            "routing_rules": "",
            "website_domain": "s3-website.ca-central-1.amazonaws.com",
            "website_endpoint": "terraform-20240114022308174100000002.s3-website.ca-central-1.amazonaws.com"
          },
          "sensitive_attributes": [],
          "private": "bnVsbA==",
          "dependencies": [
            "aws_s3_bucket.frontend"
          ]
        }
      ]
    }
  ],
  "check_results": null
}
